{
  "version": 4,
  "terraform_version": "1.14.8",
  "serial": 24,
  "lineage": "a6a7ff9b-923c-387a-ce01-dd4438e39e6c",
  "outputs": {
    "argocd_admin_password": {
      "value": "platform-admin",
      "type": "string",
      "sensitive": true
    },
    "argocd_initial_setup_hint": {
      "value": "Open http://argocd.platform-lab.test -\u003e user: admin -\u003e password: terraform output -raw argocd_admin_password",
      "type": "string"
    },
    "endpoints": {
      "value": {
        "alertmanager": "http://alertmanager.platform-lab.test",
        "argocd": "http://argocd.platform-lab.test",
        "grafana": "http://grafana.platform-lab.test",
        "platform_api": "http://platform-lab.platform-lab.test",
        "prometheus": "http://prometheus.platform-lab.test"
      },
      "type": [
        "object",
        {
          "alertmanager": "string",
          "argocd": "string",
          "grafana": "string",
          "platform_api": "string",
          "prometheus": "string"
        }
      ]
    },
    "grafana_admin_password": {
      "value": "platform-admin",
      "type": "string",
      "sensitive": true
    },
    "kubeconfig_path": {
      "value": "/Users/ashish/Desktop/platform-lab/terraform/platform-lab-config",
      "type": "string"
    }
  },
  "resources": [
    {
      "mode": "managed",
      "type": "helm_release",
      "name": "argocd",
      "provider": "provider[\"registry.terraform.io/hashicorp/helm\"]",
      "instances": [
        {
          "schema_version": 1,
          "attributes": {
            "atomic": false,
            "chart": "argo-cd",
            "cleanup_on_fail": false,
            "create_namespace": false,
            "dependency_update": false,
            "description": null,
            "devel": null,
            "disable_crd_hooks": false,
            "disable_openapi_validation": false,
            "disable_webhooks": false,
            "force_update": false,
            "id": "argocd",
            "keyring": null,
            "lint": false,
            "manifest": null,
            "max_history": 0,
            "metadata": [
              {
                "app_version": "v3.1.8",
                "chart": "argo-cd",
                "first_deployed": 1779424274,
                "last_deployed": 1779424274,
                "name": "argocd",
                "namespace": "argocd",
                "notes": "\nIn order to access the server UI you have the following options:\n\n1. kubectl port-forward service/argocd-server -n argocd 8080:443\n\n    and then open the browser on http://localhost:8080 and accept the certificate\n\n2. enable ingress in the values file `server.ingress.enabled` and either\n      - Add the annotation for ssl passthrough: https://argo-cd.readthedocs.io/en/stable/operator-manual/ingress/#option-1-ssl-passthrough\n      - Set the `configs.params.\"server.insecure\"` in the values file and terminate SSL at your ingress: https://argo-cd.readthedocs.io/en/stable/operator-manual/ingress/#option-2-multiple-ingress-objects-and-hosts\n\n\nAfter reaching the UI the first time you can login with username: admin and the random password generated during the installation. You can find the password by running:\n\nkubectl -n argocd get secret argocd-initial-admin-secret -o jsonpath=\"{.data.password}\" | base64 -d\n\n(You should delete the initial secret afterwards as suggested by the Getting Started Guide: https://argo-cd.readthedocs.io/en/stable/getting_started/#4-login-using-the-cli)\n",
                "revision": 1,
                "values": "{\"applicationSet\":{\"metrics\":{\"enabled\":true,\"serviceMonitor\":{\"additionalLabels\":{\"release\":\"kps\"},\"enabled\":true}},\"replicas\":1,\"resources\":{\"limits\":{\"memory\":\"256Mi\"},\"requests\":{\"cpu\":\"25m\",\"memory\":\"64Mi\"}}},\"configs\":{\"cm\":{\"application.instanceLabelKey\":\"argocd.argoproj.io/instance\",\"server.rbac.log.enforce.enable\":\"false\"},\"params\":{\"server.insecure\":true},\"rbac\":{\"policy.default\":\"role:readonly\"},\"secret\":{\"argocdServerAdminPassword\":\"$2a$10$rjFKQiJK.4y8eKYkJitA0.QhWCFO5Wlcchu3H7YPX.D8hzxvo95VC\",\"argocdServerAdminPasswordMtime\":\"2026-05-21T00:00:00Z\"}},\"controller\":{\"metrics\":{\"enabled\":true,\"serviceMonitor\":{\"additionalLabels\":{\"release\":\"kps\"},\"enabled\":true,\"namespace\":\"argocd\"}},\"replicas\":1,\"resources\":{\"limits\":{\"memory\":\"1Gi\"},\"requests\":{\"cpu\":\"100m\",\"memory\":\"256Mi\"}}},\"crds\":{\"install\":true,\"keep\":true},\"dex\":{\"enabled\":false},\"global\":{\"domain\":\"argocd.platform-lab.test\"},\"notifications\":{\"enabled\":false},\"redis\":{\"resources\":{\"limits\":{\"memory\":\"256Mi\"},\"requests\":{\"cpu\":\"25m\",\"memory\":\"64Mi\"}}},\"repoServer\":{\"metrics\":{\"enabled\":true,\"serviceMonitor\":{\"additionalLabels\":{\"release\":\"kps\"},\"enabled\":true}},\"replicas\":1,\"resources\":{\"limits\":{\"memory\":\"512Mi\"},\"requests\":{\"cpu\":\"50m\",\"memory\":\"128Mi\"}}},\"server\":{\"metrics\":{\"enabled\":true,\"serviceMonitor\":{\"additionalLabels\":{\"release\":\"kps\"},\"enabled\":true}},\"replicas\":1,\"resources\":{\"limits\":{\"memory\":\"512Mi\"},\"requests\":{\"cpu\":\"50m\",\"memory\":\"128Mi\"}}}}",
                "version": "8.6.3"
              }
            ],
            "name": "argocd",
            "namespace": "argocd",
            "pass_credentials": false,
            "postrender": [],
            "recreate_pods": false,
            "render_subchart_notes": true,
            "replace": false,
            "repository": "https://argoproj.github.io/argo-helm",
            "repository_ca_file": null,
            "repository_cert_file": null,
            "repository_key_file": null,
            "repository_password": null,
            "repository_username": null,
            "reset_values": false,
            "reuse_values": false,
            "set": [
              {
                "name": "configs.secret.argocdServerAdminPassword",
                "type": "",
                "value": "$2a$10$rjFKQiJK.4y8eKYkJitA0.QhWCFO5Wlcchu3H7YPX.D8hzxvo95VC"
              },
              {
                "name": "configs.secret.argocdServerAdminPasswordMtime",
                "type": "",
                "value": "2026-05-21T00:00:00Z"
              }
            ],
            "set_list": [],
            "set_sensitive": [],
            "skip_crds": false,
            "status": "deployed",
            "timeout": 600,
            "upgrade_install": null,
            "values": [
              "global:\n  domain: argocd.platform-lab.test\n\nconfigs:\n  params:\n    server.insecure: true\n\n  cm:\n    application.instanceLabelKey: argocd.argoproj.io/instance\n    server.rbac.log.enforce.enable: \"false\"\n\n  rbac:\n    policy.default: role:readonly\n\ncontroller:\n  replicas: 1\n  resources:\n    requests:\n      cpu: 100m\n      memory: 256Mi\n    limits:\n      memory: 1Gi\n  metrics:\n    enabled: true\n    serviceMonitor:\n      enabled: true\n      namespace: argocd\n      additionalLabels:\n        release: kps\n\nserver:\n  replicas: 1\n  resources:\n    requests:\n      cpu: 50m\n      memory: 128Mi\n    limits:\n      memory: 512Mi\n  metrics:\n    enabled: true\n    serviceMonitor:\n      enabled: true\n      additionalLabels:\n        release: kps\n\nrepoServer:\n  replicas: 1\n  resources:\n    requests:\n      cpu: 50m\n      memory: 128Mi\n    limits:\n      memory: 512Mi\n  metrics:\n    enabled: true\n    serviceMonitor:\n      enabled: true\n      additionalLabels:\n        release: kps\n\napplicationSet:\n  replicas: 1\n  resources:\n    requests:\n      cpu: 25m\n      memory: 64Mi\n    limits:\n      memory: 256Mi\n  metrics:\n    enabled: true\n    serviceMonitor:\n      enabled: true\n      additionalLabels:\n        release: kps\n\nnotifications:\n  enabled: false\n\ndex:\n  enabled: false\n\nredis:\n  resources:\n    requests:\n      cpu: 25m\n      memory: 64Mi\n    limits:\n      memory: 256Mi\n\ncrds:\n  install: true\n  keep: true\n"
            ],
            "verify": false,
            "version": "8.6.3",
            "wait": true,
            "wait_for_jobs": true
          },
          "sensitive_attributes": [
            [
              {
                "type": "get_attr",
                "value": "repository_password"
              }
            ],
            [
              {
                "type": "get_attr",
                "value": "set"
              }
            ]
          ],
          "identity_schema_version": 0,
          "private": "eyJzY2hlbWFfdmVyc2lvbiI6IjEifQ==",
          "dependencies": [
            "helm_release.ingress_nginx",
            "helm_release.kube_prometheus_stack",
            "kind_cluster.platform_lab",
            "kubernetes_namespace.argocd",
            "kubernetes_namespace.ingress_nginx",
            "kubernetes_namespace.observability"
          ]
        }
      ]
    },
    {
      "mode": "managed",
      "type": "helm_release",
      "name": "ingress_nginx",
      "provider": "provider[\"registry.terraform.io/hashicorp/helm\"]",
      "instances": [
        {
          "schema_version": 1,
          "attributes": {
            "atomic": false,
            "chart": "ingress-nginx",
            "cleanup_on_fail": false,
            "create_namespace": false,
            "dependency_update": false,
            "description": null,
            "devel": null,
            "disable_crd_hooks": false,
            "disable_openapi_validation": false,
            "disable_webhooks": false,
            "force_update": false,
            "id": "ingress-nginx",
            "keyring": null,
            "lint": false,
            "manifest": null,
            "max_history": 0,
            "metadata": [
              {
                "app_version": "1.13.0",
                "chart": "ingress-nginx",
                "first_deployed": 1779402506,
                "last_deployed": 1779402506,
                "name": "ingress-nginx",
                "namespace": "ingress-nginx",
                "notes": "The ingress-nginx controller has been installed.\nGet the application URL by running these commands:\n  export POD_NAME=\"$(kubectl get pods --namespace ingress-nginx --selector app.kubernetes.io/name=ingress-nginx,app.kubernetes.io/instance=ingress-nginx,app.kubernetes.io/component=controller --output jsonpath=\"{.items[0].metadata.name}\")\"\n  kubectl port-forward --namespace ingress-nginx \"${POD_NAME}\" 8080:80\n  echo \"Visit http://127.0.0.1:8080 to access your application.\"\n\nAn example Ingress that makes use of the controller:\n  apiVersion: networking.k8s.io/v1\n  kind: Ingress\n  metadata:\n    name: example\n    namespace: foo\n  spec:\n    ingressClassName: nginx\n    rules:\n      - host: www.example.com\n        http:\n          paths:\n            - pathType: Prefix\n              backend:\n                service:\n                  name: exampleService\n                  port:\n                    number: 80\n              path: /\n    # This section is only required if TLS is to be enabled for the Ingress\n    tls:\n      - hosts:\n        - www.example.com\n        secretName: example-tls\n\nIf TLS is enabled for the Ingress, a Secret containing the certificate and key must also be provided:\n\n  apiVersion: v1\n  kind: Secret\n  metadata:\n    name: example-tls\n    namespace: foo\n  data:\n    tls.crt: \u003cbase64 encoded cert\u003e\n    tls.key: \u003cbase64 encoded key\u003e\n  type: kubernetes.io/tls\n",
                "revision": 1,
                "values": "{\"controller\":{\"hostPort\":{\"enabled\":true,\"ports\":{\"http\":80,\"https\":443}},\"ingressClassResource\":{\"default\":true},\"kind\":\"DaemonSet\",\"metrics\":{\"enabled\":true,\"serviceMonitor\":{\"additionalLabels\":{\"release\":\"kps\"},\"enabled\":true,\"namespace\":\"observability\"}},\"nodeSelector\":{\"ingress-ready\":\"true\"},\"publishService\":{\"enabled\":false},\"service\":{\"type\":\"ClusterIP\"},\"tolerations\":[{\"effect\":\"NoSchedule\",\"key\":\"node-role.kubernetes.io/control-plane\",\"operator\":\"Equal\"}],\"watchIngressWithoutClass\":true}}",
                "version": "4.13.0"
              }
            ],
            "name": "ingress-nginx",
            "namespace": "ingress-nginx",
            "pass_credentials": false,
            "postrender": [],
            "recreate_pods": false,
            "render_subchart_notes": true,
            "replace": false,
            "repository": "https://kubernetes.github.io/ingress-nginx",
            "repository_ca_file": null,
            "repository_cert_file": null,
            "repository_key_file": null,
            "repository_password": null,
            "repository_username": null,
            "reset_values": false,
            "reuse_values": false,
            "set": [],
            "set_list": [],
            "set_sensitive": [],
            "skip_crds": false,
            "status": "deployed",
            "timeout": 300,
            "upgrade_install": null,
            "values": [
              "controller:\n  kind: DaemonSet\n  hostPort:\n    enabled: true\n    ports:\n      http: 80\n      https: 443\n  service:\n    type: ClusterIP\n  nodeSelector:\n    ingress-ready: \"true\"\n  tolerations:\n    - key: node-role.kubernetes.io/control-plane\n      operator: Equal\n      effect: NoSchedule\n  publishService:\n    enabled: false\n  watchIngressWithoutClass: true\n  ingressClassResource:\n    default: true\n  metrics:\n    enabled: true\n    serviceMonitor:\n      enabled: true\n      namespace: observability\n      additionalLabels:\n        release: kps\n"
            ],
            "verify": false,
            "version": "4.13.0",
            "wait": true,
            "wait_for_jobs": false
          },
          "sensitive_attributes": [
            [
              {
                "type": "get_attr",
                "value": "repository_password"
              }
            ]
          ],
          "identity_schema_version": 0,
          "private": "eyJzY2hlbWFfdmVyc2lvbiI6IjEifQ==",
          "dependencies": [
            "helm_release.kube_prometheus_stack",
            "kind_cluster.platform_lab",
            "kubernetes_namespace.ingress_nginx",
            "kubernetes_namespace.observability"
          ]
        }
      ]
    },
    {
      "mode": "managed",
      "type": "helm_release",
      "name": "kube_prometheus_stack",
      "provider": "provider[\"registry.terraform.io/hashicorp/helm\"]",
      "instances": [
        {
          "schema_version": 1,
          "attributes": {
            "atomic": false,
            "chart": "kube-prometheus-stack",
            "cleanup_on_fail": false,
            "create_namespace": false,
            "dependency_update": false,
            "description": null,
            "devel": null,
            "disable_crd_hooks": false,
            "disable_openapi_validation": false,
            "disable_webhooks": false,
            "force_update": false,
            "id": "kps",
            "keyring": null,
            "lint": false,
            "manifest": null,
            "max_history": 0,
            "metadata": [
              {
                "app_version": "v0.85.0",
                "chart": "kube-prometheus-stack",
                "first_deployed": 1779402463,
                "last_deployed": 1779402463,
                "name": "kps",
                "namespace": "observability",
                "notes": "kube-prometheus-stack has been installed. Check its status by running:\n  kubectl --namespace observability get pods -l \"release=kps\"\n\nGet Grafana 'admin' user password by running:\n\n  kubectl --namespace observability get secrets kps-grafana -o jsonpath=\"{.data.admin-password}\" | base64 -d ; echo\n\nAccess Grafana local instance:\n\n  export POD_NAME=$(kubectl --namespace observability get pod -l \"app.kubernetes.io/name=grafana,app.kubernetes.io/instance=kps\" -oname)\n  kubectl --namespace observability port-forward $POD_NAME 3000\n\nVisit https://github.com/prometheus-operator/kube-prometheus for instructions on how to create \u0026 configure Alertmanager and Prometheus instances using the Operator.\n\n1. Get the application URL by running these commands:\n  export POD_NAME=$(kubectl get pods --namespace observability -l \"app.kubernetes.io/name=prometheus-node-exporter,app.kubernetes.io/instance=kps\" -o jsonpath=\"{.items[0].metadata.name}\")\n  echo \"Visit http://127.0.0.1:9100 to use your application\"\n  kubectl port-forward --namespace observability $POD_NAME 9100\n1. Get your 'admin' user password by running:\n\n   kubectl get secret --namespace observability kps-grafana -o jsonpath=\"{.data.admin-password}\" | base64 --decode ; echo\n\n\n2. The Grafana server can be accessed via port 80 on the following DNS name from within your cluster:\n\n   kps-grafana.observability.svc.cluster.local\n\n   Get the Grafana URL to visit by running these commands in the same shell:\n     export POD_NAME=$(kubectl get pods --namespace observability -l \"app.kubernetes.io/name=grafana,app.kubernetes.io/instance=kps\" -o jsonpath=\"{.items[0].metadata.name}\")\n     kubectl --namespace observability port-forward $POD_NAME 3000\n\n3. Login with the password from step 1 and the username: admin\n#################################################################################\n######   WARNING: Persistence is disabled!!! You will lose your data when   #####\n######            the Grafana pod is terminated.                            #####\n#################################################################################\n\nkube-state-metrics is a simple service that listens to the Kubernetes API server and generates metrics about the state of the objects.\nThe exposed metrics can be found here:\nhttps://github.com/kubernetes/kube-state-metrics/blob/master/docs/README.md#exposed-metrics\n\nThe metrics are exported on the HTTP endpoint /metrics on the listening port.\nIn your case, kps-kube-state-metrics.observability.svc.cluster.local:8080/metrics\n\nThey are served either as plaintext or protobuf depending on the Accept header.\nThey are designed to be consumed either by Prometheus itself or by a scraper that is compatible with scraping a Prometheus client endpoint.\n",
                "revision": 1,
                "values": "{\"alertmanager\":{\"alertmanagerSpec\":{\"retention\":\"120h\"}},\"defaultRules\":{\"rules\":{\"kubeProxy\":false,\"nodeClock\":false}},\"grafana\":{\"adminPassword\":\"platform-admin\",\"sidecar\":{\"dashboards\":{\"enabled\":true,\"folderAnnotation\":\"grafana_folder\",\"label\":\"grafana_dashboard\",\"labelValue\":\"1\",\"provider\":{\"foldersFromFilesStructure\":true},\"searchNamespace\":\"ALL\"}}},\"kubeControllerManager\":{\"enabled\":false},\"kubeEtcd\":{\"enabled\":false},\"kubeProxy\":{\"enabled\":false},\"kubeScheduler\":{\"enabled\":false},\"prometheus\":{\"prometheusSpec\":{\"podMonitorSelectorNilUsesHelmValues\":false,\"probeSelectorNilUsesHelmValues\":false,\"retention\":\"7d\",\"ruleSelectorNilUsesHelmValues\":false,\"serviceMonitorSelectorNilUsesHelmValues\":false}}}",
                "version": "77.1.0"
              }
            ],
            "name": "kps",
            "namespace": "observability",
            "pass_credentials": false,
            "postrender": [],
            "recreate_pods": false,
            "render_subchart_notes": true,
            "replace": false,
            "repository": "https://prometheus-community.github.io/helm-charts",
            "repository_ca_file": null,
            "repository_cert_file": null,
            "repository_key_file": null,
            "repository_password": null,
            "repository_username": null,
            "reset_values": false,
            "reuse_values": false,
            "set": [],
            "set_list": [],
            "set_sensitive": [],
            "skip_crds": false,
            "status": "deployed",
            "timeout": 600,
            "upgrade_install": null,
            "values": [
              "defaultRules:\n  rules:\n    nodeClock: false\n    kubeProxy: false\n\nkubeControllerManager:\n  enabled: false\nkubeScheduler:\n  enabled: false\nkubeProxy:\n  enabled: false\nkubeEtcd:\n  enabled: false\n\nprometheus:\n  prometheusSpec:\n    serviceMonitorSelectorNilUsesHelmValues: false\n    podMonitorSelectorNilUsesHelmValues: false\n    ruleSelectorNilUsesHelmValues: false\n    probeSelectorNilUsesHelmValues: false\n    retention: 7d\n\ngrafana:\n  adminPassword: platform-admin\n  sidecar:\n    dashboards:\n      enabled: true\n      label: grafana_dashboard\n      labelValue: \"1\"\n      searchNamespace: ALL\n      folderAnnotation: grafana_folder\n      provider:\n        foldersFromFilesStructure: true\n\nalertmanager:\n  alertmanagerSpec:\n    retention: 120h\n"
            ],
            "verify": false,
            "version": "77.1.0",
            "wait": true,
            "wait_for_jobs": false
          },
          "sensitive_attributes": [
            [
              {
                "type": "get_attr",
                "value": "repository_password"
              }
            ]
          ],
          "identity_schema_version": 0,
          "private": "eyJzY2hlbWFfdmVyc2lvbiI6IjEifQ==",
          "dependencies": [
            "kind_cluster.platform_lab",
            "kubernetes_namespace.observability"
          ]
        }
      ]
    },
    {
      "mode": "managed",
      "type": "helm_release",
      "name": "metrics_server",
      "provider": "provider[\"registry.terraform.io/hashicorp/helm\"]",
      "instances": [
        {
          "schema_version": 1,
          "attributes": {
            "atomic": false,
            "chart": "metrics-server",
            "cleanup_on_fail": false,
            "create_namespace": false,
            "dependency_update": false,
            "description": null,
            "devel": null,
            "disable_crd_hooks": false,
            "disable_openapi_validation": false,
            "disable_webhooks": false,
            "force_update": false,
            "id": "metrics-server",
            "keyring": null,
            "lint": false,
            "manifest": null,
            "max_history": 0,
            "metadata": [
              {
                "app_version": "0.8.0",
                "chart": "metrics-server",
                "first_deployed": 1779402462,
                "last_deployed": 1779402462,
                "name": "metrics-server",
                "namespace": "kube-system",
                "notes": "***********************************************************************\n* Metrics Server                                                      *\n***********************************************************************\n  Chart version: 3.13.0\n  App version:   0.8.0\n  Image tag:     registry.k8s.io/metrics-server/metrics-server:v0.8.0\n***********************************************************************\n",
                "revision": 1,
                "values": "{\"args\":[\"--kubelet-insecure-tls\",\"--kubelet-preferred-address-types=InternalIP,ExternalIP,Hostname\"]}",
                "version": "3.13.0"
              }
            ],
            "name": "metrics-server",
            "namespace": "kube-system",
            "pass_credentials": false,
            "postrender": [],
            "recreate_pods": false,
            "render_subchart_notes": true,
            "replace": false,
            "repository": "https://kubernetes-sigs.github.io/metrics-server/",
            "repository_ca_file": null,
            "repository_cert_file": null,
            "repository_key_file": null,
            "repository_password": null,
            "repository_username": null,
            "reset_values": false,
            "reuse_values": false,
            "set": [
              {
                "name": "args",
                "type": "",
                "value": "{--kubelet-insecure-tls,--kubelet-preferred-address-types=InternalIP\\,ExternalIP\\,Hostname}"
              }
            ],
            "set_list": [],
            "set_sensitive": [],
            "skip_crds": false,
            "status": "deployed",
            "timeout": 300,
            "upgrade_install": null,
            "values": null,
            "verify": false,
            "version": "3.13.0",
            "wait": true,
            "wait_for_jobs": false
          },
          "sensitive_attributes": [
            [
              {
                "type": "get_attr",
                "value": "repository_password"
              }
            ]
          ],
          "identity_schema_version": 0,
          "private": "eyJzY2hlbWFfdmVyc2lvbiI6IjEifQ==",
          "dependencies": [
            "kind_cluster.platform_lab"
          ]
        }
      ]
    },
    {
      "mode": "managed",
      "type": "kind_cluster",
      "name": "platform_lab",
      "provider": "provider[\"registry.terraform.io/tehcyx/kind\"]",
      "instances": [
        {
          "schema_version": 0,
          "attributes": {
            "client_certificate": "-----BEGIN CERTIFICATE-----\nMIIDKTCCAhGgAwIBAgIIU9fS+Pql32MwDQYJKoZIhvcNAQELBQAwFTETMBEGA1UE\nAxMKa3ViZXJuZXRlczAeFw0yNjA1MjEyMjIyMTZaFw0yNzA1MjEyMjI3MTZaMDwx\nHzAdBgNVBAoTFmt1YmVhZG06Y2x1c3Rlci1hZG1pbnMxGTAXBgNVBAMTEGt1YmVy\nbmV0ZXMtYWRtaW4wggEiMA0GCSqGSIb3DQEBAQUAA4IBDwAwggEKAoIBAQDSRxo0\nWMWAqXf4Yt5tKoKpce+PBSybkPPuq/5ZwnIwXFS2fSSyofjWaTwRqQWp0h36R5lz\nTDMwiSlPGzNuI2PeemZGungtTuNWyK7evwHMdcuWu0rRv33rG2uTqs6d+0L38FM+\nFwFdimvE2wb+xel2pT+htBrJALCcc1d5kiuQItiIx8Vo1wQJsPcXfkSWfx/ao1+o\n6YSYE4JdPUMukDSRr3favLHg5gfvkQ0+vrJ9smfZ/DWMI4wSydB9+LPHJwTH27OK\nYPYKG33hh5fN3MDOKuKqIeDy5EK1Dw0ytdC3ppdOObghuq5Xk75QhnE4MlcHDoZh\nr2Trp9v4qNoUAClXAgMBAAGjVjBUMA4GA1UdDwEB/wQEAwIFoDATBgNVHSUEDDAK\nBggrBgEFBQcDAjAMBgNVHRMBAf8EAjAAMB8GA1UdIwQYMBaAFKziyQiUhFbPHGcZ\nBIa3kwqPLPhXMA0GCSqGSIb3DQEBCwUAA4IBAQAPPBdf2Ew+C4yr3UOVoImi6yn4\nGywn65zWrUIS0A4CnFPK9EsbKEgc6RJuaTiZSV4XqzU+3T6eLRErn7H2Bilwf96+\nWtC3kPOSqOSvR5/l6D6mphFKQTZlHQNrXjUlgyw8uPCVB2a0W7OB+HXiG3esGi5L\n6ujESSjPZdswEDR7v7mzJNPSVF1xKBVcEXlyWZPhy2ZjEDjqv7CWbusWZJffJ4NM\nGGpkC2AkJ8j+l1WQw52uKrS2NITnhN5X2mcUaZ1DwYrDmWUVuG/hpH1js6V0oRB+\n7nrmiaoGlGyJXrHjANfy/jzzCsf9vlmzZTx96Ya7yfwsH545z6v5cZDQ1LGx\n-----END CERTIFICATE-----\n",
            "client_key": "-----BEGIN RSA PRIVATE KEY-----\nMIIEowIBAAKCAQEA0kcaNFjFgKl3+GLebSqCqXHvjwUsm5Dz7qv+WcJyMFxUtn0k\nsqH41mk8EakFqdId+keZc0wzMIkpTxszbiNj3npmRrp4LU7jVsiu3r8BzHXLlrtK\n0b996xtrk6rOnftC9/BTPhcBXYprxNsG/sXpdqU/obQayQCwnHNXeZIrkCLYiMfF\naNcECbD3F35Eln8f2qNfqOmEmBOCXT1DLpA0ka932ryx4OYH75ENPr6yfbJn2fw1\njCOMEsnQffizxycEx9uzimD2Cht94YeXzdzAziriqiHg8uRCtQ8NMrXQt6aXTjm4\nIbquV5O+UIZxODJXBw6GYa9k66fb+KjaFAApVwIDAQABAoIBABZKKTHxUwY/cJMo\nz9Ecl3sks7MiZkcbR3A+VRjorrgHoYcynsg8uSbpQs/QbeRBfKICIvcA1dBISdOz\n23DKWZTEvsCylXigCyMw5LCB6MvmlK0mr1iqhst8PZwKmBpQ/xlPJVPIloF24dOd\nMBGjowrLm4IlmE1EQHRlGZmub+W4SqUXsBhRSPYqj84v7PF4bMoQcdNA7Z6b5BJJ\nOxMrNC9+6enC0sEHk9QrVl0pqQr0sS87tPYOrsVrFOxDbGHgC5JS6zdeDeV68xqc\ntUchl3ET7mgrccmR5HxZtTdfXoVFjPXUqAfNSbXkNmAyJLhaVINKFxPSr3Zjtu7D\ndAHLgZECgYEA3fQV0qND9x1p8Wtk42aqLhK9xNF26+T0AMQ9vJ6/0plu2zzDUFZv\njzCFJAg5Ubf5iRflkOWkgpaTFgxNin11CGBFLbmWCVc3ATLOdSbrzRtTbLXWKevI\n+F22mBo1ITPExcdmYEFbDRrHBjTyZ+5RvicRLzaB1bFG8c1ryDluAb8CgYEA8oiF\nrx06RHoPArJWNwPt62M/7enhx2gAyOWP7eAsrhOzyotyteWeWVvpqEOaHgN01s0c\nWQq+GC9P9VF8Q4OunbjmGYnYedD32U3Gz5jegXAEnxzMxEsbgmsp99aOQCEoOymu\niOhSTtVTlPlmFj3cu5oixFwWVUvgQgoh9M53DmkCgYBdEPP1lq/w9kxuBnIPSAUj\nvIgF9y6+SwplJ+QbKxWT4PIyy4+6KAQvLlElgq1GLrZbXcHMt/37I9gY7p+06lYg\nZP2c5qyazg8qWXtodCF7p3Gbq8NZYJysR99Ad/y/J03jAHFU+xKKtCev2pOqMKvl\n58u02E4opGTzDweatToDUQKBgQCaXw9IIMBfqZk4TC7YIaYkNy4PztgoxigJtyRf\nclq+Ckhb2VqQMLETi48zzKOiCu0pc7BhdJb+ac7pBI6looFYXsIG61hgYQQAyqKK\nrHCjzpsCc6BaKLw/zNoPp/8vDmu/DI7NEaKiDuJ+Zif2bDW9KySJ+1szu3HoVu66\nFVhuUQKBgFWoZof4y7+fcTa7ZIWqyH6OVBKF2n4wgUpImaU39vTdES1/9J/SlZmW\nq77vXh2+x8b0NydLJHAmLpOUVrLUNKjIgEo3O1KGEDmdGN+jX+n1GsaE4HJYPNMe\neZ6dnffwD5RYguzMTBHDk4PzFAOjOcEujcjMZ6NK016CI5OiAPKS\n-----END RSA PRIVATE KEY-----\n",
            "cluster_ca_certificate": "-----BEGIN CERTIFICATE-----\nMIIDBTCCAe2gAwIBAgIISLiH7tOmTaswDQYJKoZIhvcNAQELBQAwFTETMBEGA1UE\nAxMKa3ViZXJuZXRlczAeFw0yNjA1MjEyMjIyMTZaFw0zNjA1MTgyMjI3MTZaMBUx\nEzARBgNVBAMTCmt1YmVybmV0ZXMwggEiMA0GCSqGSIb3DQEBAQUAA4IBDwAwggEK\nAoIBAQCvgSAHMH3s9tpbS1DmOx0RTFe3xCDMJyy2CtidDuQMzaDJzxpAQ7kq/yzT\n0BUU4GRIOaC2OnUZb0H9g5LO27uFQxP3jhj+QB2BaBAPWirAnut9DHe3hGPyUv87\njjPVEha+ay0xcoBV/KSUwEhKgnoJhSZXg5ax+zxxtSP2BH7jTHRVLMPUFcG8FkO2\npuL6rYSjxZoe8zEdex8qD+jpRXLM0frS3AOwN1jfXRO4unlIxOG69KuU0wg21MOv\nXxnsAU26l6R+AwbW7Q1hQUxlfWJt6nDVB9xNo9DNzENXh3oBM34PMQOdAZAcU2VY\nBzijb5ZmtbRRpZCdMjYKvwYKDJOvAgMBAAGjWTBXMA4GA1UdDwEB/wQEAwICpDAP\nBgNVHRMBAf8EBTADAQH/MB0GA1UdDgQWBBSs4skIlIRWzxxnGQSGt5MKjyz4VzAV\nBgNVHREEDjAMggprdWJlcm5ldGVzMA0GCSqGSIb3DQEBCwUAA4IBAQBqi5JBPLdl\nL55kl6GGTiioRDf6niCxzg+R4/IG+PaShvzds3JGeGNYTYTNExXG7UGGovp0gVev\nwIvkxE92I5sR3LynDi+bXg4YE7Z6SUSjZZ6Bkw5v7qWvsglUAmaCW/alQF5/Mp3i\nXGRLRaoqpPfbH/7eOwJ537BT7x/TDENnUT5jo56PUKpPdX+HD5YV+FNTbZRtR+a/\nZIUQl+I4pbOAjwVS3eUBkckycTJfRY6aeGn69KVIV92AwnHnuQVOkECpVQafq+jw\nk+wa/Rln7c39WP+kxgNZZ4QBVgkeA/tOVKyJSInPCNviTIju4LxtSod5D70wFrR/\nh06ahCRNjH+G\n-----END CERTIFICATE-----\n",
            "completed": true,
            "endpoint": "https://127.0.0.1:57486",
            "id": "platform-lab-",
            "kind_config": [
              {
                "api_version": "kind.x-k8s.io/v1alpha4",
                "containerd_config_patches": [],
                "feature_gates": {},
                "kind": "Cluster",
                "networking": [],
                "node": [
                  {
                    "extra_mounts": [],
                    "extra_port_mappings": [
                      {
                        "container_port": 80,
                        "host_port": 80,
                        "listen_address": "",
                        "protocol": "TCP"
                      },
                      {
                        "container_port": 443,
                        "host_port": 443,
                        "listen_address": "",
                        "protocol": "TCP"
                      }
                    ],
                    "image": "",
                    "kubeadm_config_patches": [
                      "kind: InitConfiguration\nnodeRegistration:\n  kubeletExtraArgs:\n    node-labels: \"ingress-ready=true\"\n"
                    ],
                    "labels": {},
                    "role": "control-plane"
                  },
                  {
                    "extra_mounts": [],
                    "extra_port_mappings": [],
                    "image": "",
                    "kubeadm_config_patches": [],
                    "labels": {},
                    "role": "worker"
                  },
                  {
                    "extra_mounts": [],
                    "extra_port_mappings": [],
                    "image": "",
                    "kubeadm_config_patches": [],
                    "labels": {},
                    "role": "worker"
                  }
                ],
                "runtime_config": {}
              }
            ],
            "kubeconfig": "apiVersion: v1\nclusters:\n- cluster:\n    certificate-authority-data: LS0tLS1CRUdJTiBDRVJUSUZJQ0FURS0tLS0tCk1JSURCVENDQWUyZ0F3SUJBZ0lJU0xpSDd0T21UYXN3RFFZSktvWklodmNOQVFFTEJRQXdGVEVUTUJFR0ExVUUKQXhNS2EzVmlaWEp1WlhSbGN6QWVGdzB5TmpBMU1qRXlNakl5TVRaYUZ3MHpOakExTVRneU1qSTNNVFphTUJVeApFekFSQmdOVkJBTVRDbXQxWW1WeWJtVjBaWE13Z2dFaU1BMEdDU3FHU0liM0RRRUJBUVVBQTRJQkR3QXdnZ0VLCkFvSUJBUUN2Z1NBSE1IM3M5dHBiUzFEbU94MFJURmUzeENETUp5eTJDdGlkRHVRTXphREp6eHBBUTdrcS95elQKMEJVVTRHUklPYUMyT25VWmIwSDlnNUxPMjd1RlF4UDNqaGorUUIyQmFCQVBXaXJBbnV0OURIZTNoR1B5VXY4NwpqalBWRWhhK2F5MHhjb0JWL0tTVXdFaEtnbm9KaFNaWGc1YXgrenh4dFNQMkJIN2pUSFJWTE1QVUZjRzhGa08yCnB1TDZyWVNqeFpvZTh6RWRleDhxRCtqcFJYTE0wZnJTM0FPd04xamZYUk80dW5sSXhPRzY5S3VVMHdnMjFNT3YKWHhuc0FVMjZsNlIrQXdiVzdRMWhRVXhsZldKdDZuRFZCOXhObzlETnpFTlhoM29CTTM0UE1RT2RBWkFjVTJWWQpCemlqYjVabXRiUlJwWkNkTWpZS3Z3WUtESk92QWdNQkFBR2pXVEJYTUE0R0ExVWREd0VCL3dRRUF3SUNwREFQCkJnTlZIUk1CQWY4RUJUQURBUUgvTUIwR0ExVWREZ1FXQkJTczRza0lsSVJXenh4bkdRU0d0NU1Lanl6NFZ6QVYKQmdOVkhSRUVEakFNZ2dwcmRXSmxjbTVsZEdWek1BMEdDU3FHU0liM0RRRUJDd1VBQTRJQkFRQnFpNUpCUExkbApMNTVrbDZHR1RpaW9SRGY2bmlDeHpnK1I0L0lHK1BhU2h2emRzM0pHZUdOWVRZVE5FeFhHN1VHR292cDBnVmV2CndJdmt4RTkySTVzUjNMeW5EaStiWGc0WUU3WjZTVVNqWlo2Qmt3NXY3cVd2c2dsVUFtYUNXL2FsUUY1L01wM2kKWEdSTFJhb3FwUGZiSC83ZU93SjUzN0JUN3gvVERFTm5VVDVqbzU2UFVLcFBkWCtIRDVZVitGTlRiWlJ0UithLwpaSVVRbCtJNHBiT0Fqd1ZTM2VVQmtja3ljVEpmUlk2YWVHbjY5S1ZJVjkyQXduSG51UVZPa0VDcFZRYWZxK2p3Cmsrd2EvUmxuN2MzOVdQK2t4Z05aWjRRQlZna2VBL3RPVkt5SlNJblBDTnZpVElqdTRMeHRTb2Q1RDcwd0ZyUi8KaDA2YWhDUk5qSCtHCi0tLS0tRU5EIENFUlRJRklDQVRFLS0tLS0K\n    server: https://127.0.0.1:57486\n  name: kind-platform-lab\ncontexts:\n- context:\n    cluster: kind-platform-lab\n    user: kind-platform-lab\n  name: kind-platform-lab\ncurrent-context: kind-platform-lab\nkind: Config\nusers:\n- name: kind-platform-lab\n  user:\n    client-certificate-data: LS0tLS1CRUdJTiBDRVJUSUZJQ0FURS0tLS0tCk1JSURLVENDQWhHZ0F3SUJBZ0lJVTlmUytQcWwzMk13RFFZSktvWklodmNOQVFFTEJRQXdGVEVUTUJFR0ExVUUKQXhNS2EzVmlaWEp1WlhSbGN6QWVGdzB5TmpBMU1qRXlNakl5TVRaYUZ3MHlOekExTWpFeU1qSTNNVFphTUR3eApIekFkQmdOVkJBb1RGbXQxWW1WaFpHMDZZMngxYzNSbGNpMWhaRzFwYm5NeEdUQVhCZ05WQkFNVEVHdDFZbVZ5CmJtVjBaWE10WVdSdGFXNHdnZ0VpTUEwR0NTcUdTSWIzRFFFQkFRVUFBNElCRHdBd2dnRUtBb0lCQVFEU1J4bzAKV01XQXFYZjRZdDV0S29LcGNlK1BCU3lia1BQdXEvNVp3bkl3WEZTMmZTU3lvZmpXYVR3UnFRV3AwaDM2UjVsegpURE13aVNsUEd6TnVJMlBlZW1aR3VuZ3RUdU5XeUs3ZXZ3SE1kY3VXdTByUnYzM3JHMnVUcXM2ZCswTDM4Rk0rCkZ3RmRpbXZFMndiK3hlbDJwVCtodEJySkFMQ2NjMWQ1a2l1UUl0aUl4OFZvMXdRSnNQY1hma1NXZngvYW8xK28KNllTWUU0SmRQVU11a0RTUnIzZmF2TEhnNWdmdmtRMCt2cko5c21mWi9EV01JNHdTeWRCOStMUEhKd1RIMjdPSwpZUFlLRzMzaGg1Zk4zTURPS3VLcUllRHk1RUsxRHcweXRkQzNwcGRPT2JnaHVxNVhrNzVRaG5FNE1sY0hEb1poCnIyVHJwOXY0cU5vVUFDbFhBZ01CQUFHalZqQlVNQTRHQTFVZER3RUIvd1FFQXdJRm9EQVRCZ05WSFNVRUREQUsKQmdnckJnRUZCUWNEQWpBTUJnTlZIUk1CQWY4RUFqQUFNQjhHQTFVZEl3UVlNQmFBRkt6aXlRaVVoRmJQSEdjWgpCSWEza3dxUExQaFhNQTBHQ1NxR1NJYjNEUUVCQ3dVQUE0SUJBUUFQUEJkZjJFdytDNHlyM1VPVm9JbWk2eW40Ckd5d242NXpXclVJUzBBNENuRlBLOUVzYktFZ2M2Ukp1YVRpWlNWNFhxelUrM1Q2ZUxSRXJuN0gyQmlsd2Y5NisKV3RDM2tQT1NxT1N2UjUvbDZENm1waEZLUVRabEhRTnJYalVsZ3l3OHVQQ1ZCMmEwVzdPQitIWGlHM2VzR2k1TAo2dWpFU1NqUFpkc3dFRFI3djdtekpOUFNWRjF4S0JWY0VYbHlXWlBoeTJaakVEanF2N0NXYnVzV1pKZmZKNE5NCkdHcGtDMkFrSjhqK2wxV1F3NTJ1S3JTMk5JVG5oTjVYMm1jVWFaMUR3WXJEbVdVVnVHL2hwSDFqczZWMG9SQisKN25ybWlhb0dsR3lKWHJIakFOZnkvanp6Q3NmOXZsbXpaVHg5NllhN3lmd3NINTQ1ejZ2NWNaRFExTEd4Ci0tLS0tRU5EIENFUlRJRklDQVRFLS0tLS0K\n    client-key-data: LS0tLS1CRUdJTiBSU0EgUFJJVkFURSBLRVktLS0tLQpNSUlFb3dJQkFBS0NBUUVBMGtjYU5GakZnS2wzK0dMZWJTcUNxWEh2andVc201RHo3cXYrV2NKeU1GeFV0bjBrCnNxSDQxbWs4RWFrRnFkSWQra2VaYzB3ek1Ja3BUeHN6YmlOajNucG1ScnA0TFU3alZzaXUzcjhCekhYTGxydEsKMGI5OTZ4dHJrNnJPbmZ0QzkvQlRQaGNCWFlwcnhOc0cvc1hwZHFVL29iUWF5UUN3bkhOWGVaSXJrQ0xZaU1mRgphTmNFQ2JEM0YzNUVsbjhmMnFOZnFPbUVtQk9DWFQxRExwQTBrYTkzMnJ5eDRPWUg3NUVOUHI2eWZiSm4yZncxCmpDT01Fc25RZmZpenh5Y0V4OXV6aW1EMkNodDk0WWVYemR6QXppcmlxaUhnOHVSQ3RROE5NclhRdDZhWFRqbTQKSWJxdVY1TytVSVp4T0RKWEJ3NkdZYTlrNjZmYitLamFGQUFwVndJREFRQUJBb0lCQUJaS0tUSHhVd1kvY0pNbwp6OUVjbDNza3M3TWlaa2NiUjNBK1ZSam9ycmdIb1ljeW5zZzh1U2JwUXMvUWJlUkJmS0lDSXZjQTFkQklTZE96CjIzREtXWlRFdnNDeWxYaWdDeU13NUxDQjZNdm1sSzBtcjFpcWhzdDhQWndLbUJwUS94bFBKVlBJbG9GMjRkT2QKTUJHam93ckxtNElsbUUxRVFIUmxHWm11YitXNFNxVVhzQmhSU1BZcWo4NHY3UEY0Yk1vUWNkTkE3WjZiNUJKSgpPeE1yTkM5KzZlbkMwc0VIazlRclZsMHBxUXIwc1M4N3RQWU9yc1ZyRk94RGJHSGdDNUpTNnpkZURlVjY4eHFjCnRVY2hsM0VUN21ncmNjbVI1SHhadFRkZlhvVkZqUFhVcUFmTlNiWGtObUF5SkxoYVZJTktGeFBTcjNaanR1N0QKZEFITGdaRUNnWUVBM2ZRVjBxTkQ5eDFwOFd0azQyYXFMaEs5eE5GMjYrVDBBTVE5dko2LzBwbHUyenpEVUZadgpqekNGSkFnNVViZjVpUmZsa09Xa2dwYVRGZ3hOaW4xMUNHQkZMYm1XQ1ZjM0FUTE9kU2JyelJ0VGJMWFdLZXZJCitGMjJtQm8xSVRQRXhjZG1ZRUZiRFJySEJqVHlaKzVSdmljUkx6YUIxYkZHOGMxcnlEbHVBYjhDZ1lFQThvaUYKcngwNlJIb1BBckpXTndQdDYyTS83ZW5oeDJnQXlPV1A3ZUFzcmhPenlvdHl0ZVdlV1Z2cHFFT2FIZ04wMXMwYwpXUXErR0M5UDlWRjhRNE91bmJqbUdZblllZEQzMlUzR3o1amVnWEFFbnh6TXhFc2JnbXNwOTlhT1FDRW9PeW11CmlPaFNUdFZUbFBsbUZqM2N1NW9peEZ3V1ZVdmdRZ29oOU01M0Rta0NnWUJkRVBQMWxxL3c5a3h1Qm5JUFNBVWoKdklnRjl5NitTd3BsSitRYkt4V1Q0UEl5eTQrNktBUXZMbEVsZ3ExR0xyWmJYY0hNdC8zN0k5Z1k3cCswNmxZZwpaUDJjNXF5YXpnOHFXWHRvZENGN3AzR2JxOE5aWUp5c1I5OUFkL3kvSjAzakFIRlUreEtLdENldjJwT3FNS3ZsCjU4dTAyRTRvcEdUekR3ZWF0VG9EVVFLQmdRQ2FYdzlJSU1CZnFaazRUQzdZSWFZa055NFB6dGdveGlnSnR5UmYKY2xxK0NraGIyVnFRTUxFVGk0OHp6S09pQ3UwcGM3QmhkSmIrYWM3cEJJNmxvb0ZZWHNJRzYxaGdZUVFBeXFLSwpySENqenBzQ2M2QmFLTHcvek5vUHAvOHZEbXUvREk3TkVhS2lEdUorWmlmMmJEVzlLeVNKKzFzenUzSG9WdTY2CkZWaHVVUUtCZ0ZXb1pvZjR5NytmY1RhN1pJV3F5SDZPVkJLRjJuNHdnVXBJbWFVMzl2VGRFUzEvOUovU2xabVcKcTc3dlhoMit4OGIwTnlkTEpIQW1McE9VVnJMVU5LaklnRW8zTzFLR0VEbWRHTitqWCtuMUdzYUU0SEpZUE5NZQplWjZkbmZmd0Q1UllndXpNVEJIRGs0UHpGQU9qT2NFdWpjak1aNk5LMDE2Q0k1T2lBUEtTCi0tLS0tRU5EIFJTQSBQUklWQVRFIEtFWS0tLS0tCg==\n",
            "kubeconfig_path": "/Users/ashish/Desktop/platform-lab/terraform/platform-lab-config",
            "name": "platform-lab",
            "node_image": null,
            "timeouts": null,
            "wait_for_ready": true
          },
          "sensitive_attributes": [],
          "identity_schema_version": 0,
          "private": "eyJlMmJmYjczMC1lY2FhLTExZTYtOGY4OC0zNDM2M2JjN2M0YzAiOnsiY3JlYXRlIjozMDAwMDAwMDAwMDAsImRlbGV0ZSI6MzAwMDAwMDAwMDAwLCJ1cGRhdGUiOjMwMDAwMDAwMDAwMH19"
        }
      ]
    },
    {
      "mode": "managed",
      "type": "kubernetes_config_map",
      "name": "platform_api_dashboard",
      "provider": "provider[\"registry.terraform.io/hashicorp/kubernetes\"]",
      "instances": [
        {
          "schema_version": 0,
          "attributes": {
            "binary_data": {},
            "data": {
              "platform-api.json": "{\n  \"title\": \"Platform API — RED + Runtime\",\n  \"uid\": \"platform-api-red\",\n  \"tags\": [\"platform-api\", \"red-method\", \"portfolio\"],\n  \"timezone\": \"browser\",\n  \"schemaVersion\": 39,\n  \"version\": 1,\n  \"refresh\": \"10s\",\n  \"time\": { \"from\": \"now-15m\", \"to\": \"now\" },\n  \"templating\": {\n    \"list\": [\n      {\n        \"name\": \"job\",\n        \"type\": \"query\",\n        \"datasource\": { \"type\": \"prometheus\", \"uid\": \"prometheus\" },\n        \"query\": \"label_values(http_requests_total, job)\",\n        \"current\": { \"text\": \"platform-api\", \"value\": \"platform-api\" },\n        \"refresh\": 2\n      }\n    ]\n  },\n  \"panels\": [\n    {\n      \"id\": 1,\n      \"type\": \"stat\",\n      \"title\": \"Request Rate (req/s)\",\n      \"gridPos\": { \"h\": 6, \"w\": 6, \"x\": 0, \"y\": 0 },\n      \"targets\": [\n        {\n          \"expr\": \"sum(rate(http_requests_total{job=\\\"$job\\\"}[1m]))\",\n          \"legendFormat\": \"rps\",\n          \"refId\": \"A\"\n        }\n      ],\n      \"fieldConfig\": {\n        \"defaults\": {\n          \"unit\": \"reqps\",\n          \"decimals\": 2,\n          \"color\": { \"mode\": \"thresholds\" },\n          \"thresholds\": {\n            \"mode\": \"absolute\",\n            \"steps\": [\n              { \"color\": \"green\", \"value\": null },\n              { \"color\": \"yellow\", \"value\": 50 },\n              { \"color\": \"red\", \"value\": 200 }\n            ]\n          }\n        }\n      },\n      \"options\": { \"colorMode\": \"background\", \"graphMode\": \"area\", \"textMode\": \"auto\" }\n    },\n    {\n      \"id\": 2,\n      \"type\": \"stat\",\n      \"title\": \"Error Rate (5xx %)\",\n      \"gridPos\": { \"h\": 6, \"w\": 6, \"x\": 6, \"y\": 0 },\n      \"targets\": [\n        {\n          \"expr\": \"100 * sum(rate(http_requests_total{job=\\\"$job\\\",status=~\\\"5..\\\"}[5m])) / clamp_min(sum(rate(http_requests_total{job=\\\"$job\\\"}[5m])), 0.001)\",\n          \"legendFormat\": \"err %\",\n          \"refId\": \"A\"\n        }\n      ],\n      \"fieldConfig\": {\n        \"defaults\": {\n          \"unit\": \"percent\",\n          \"decimals\": 2,\n          \"color\": { \"mode\": \"thresholds\" },\n          \"thresholds\": {\n            \"mode\": \"absolute\",\n            \"steps\": [\n              { \"color\": \"green\", \"value\": null },\n              { \"color\": \"yellow\", \"value\": 1 },\n              { \"color\": \"red\", \"value\": 5 }\n            ]\n          }\n        }\n      },\n      \"options\": { \"colorMode\": \"background\", \"graphMode\": \"area\" }\n    },\n    {\n      \"id\": 3,\n      \"type\": \"stat\",\n      \"title\": \"p95 Latency\",\n      \"gridPos\": { \"h\": 6, \"w\": 6, \"x\": 12, \"y\": 0 },\n      \"targets\": [\n        {\n          \"expr\": \"histogram_quantile(0.95, sum by (le) (rate(http_request_duration_seconds_bucket{job=\\\"$job\\\"}[5m])))\",\n          \"legendFormat\": \"p95\",\n          \"refId\": \"A\"\n        }\n      ],\n      \"fieldConfig\": {\n        \"defaults\": {\n          \"unit\": \"s\",\n          \"decimals\": 3,\n          \"color\": { \"mode\": \"thresholds\" },\n          \"thresholds\": {\n            \"mode\": \"absolute\",\n            \"steps\": [\n              { \"color\": \"green\", \"value\": null },\n              { \"color\": \"yellow\", \"value\": 0.1 },\n              { \"color\": \"red\", \"value\": 0.5 }\n            ]\n          }\n        }\n      },\n      \"options\": { \"colorMode\": \"background\", \"graphMode\": \"area\" }\n    },\n    {\n      \"id\": 4,\n      \"type\": \"stat\",\n      \"title\": \"In-Flight Requests\",\n      \"gridPos\": { \"h\": 6, \"w\": 6, \"x\": 18, \"y\": 0 },\n      \"targets\": [\n        {\n          \"expr\": \"sum(http_inflight_requests{job=\\\"$job\\\"})\",\n          \"legendFormat\": \"in-flight\",\n          \"refId\": \"A\"\n        }\n      ],\n      \"fieldConfig\": {\n        \"defaults\": {\n          \"unit\": \"short\",\n          \"decimals\": 0,\n          \"color\": { \"mode\": \"thresholds\" },\n          \"thresholds\": {\n            \"mode\": \"absolute\",\n            \"steps\": [\n              { \"color\": \"green\", \"value\": null },\n              { \"color\": \"yellow\", \"value\": 10 },\n              { \"color\": \"red\", \"value\": 50 }\n            ]\n          }\n        }\n      },\n      \"options\": { \"colorMode\": \"background\", \"graphMode\": \"area\" }\n    },\n    {\n      \"id\": 5,\n      \"type\": \"timeseries\",\n      \"title\": \"Request Rate by Path \u0026 Status\",\n      \"gridPos\": { \"h\": 9, \"w\": 12, \"x\": 0, \"y\": 6 },\n      \"targets\": [\n        {\n          \"expr\": \"sum by (path, status) (rate(http_requests_total{job=\\\"$job\\\"}[1m]))\",\n          \"legendFormat\": \"{{path}} [{{status}}]\",\n          \"refId\": \"A\"\n        }\n      ],\n      \"fieldConfig\": {\n        \"defaults\": {\n          \"unit\": \"reqps\",\n          \"custom\": { \"drawStyle\": \"line\", \"lineInterpolation\": \"smooth\", \"fillOpacity\": 15, \"lineWidth\": 2 }\n        }\n      },\n      \"options\": { \"legend\": { \"displayMode\": \"table\", \"placement\": \"bottom\", \"calcs\": [\"mean\", \"max\"] } }\n    },\n    {\n      \"id\": 6,\n      \"type\": \"timeseries\",\n      \"title\": \"Latency p50 / p95 / p99\",\n      \"gridPos\": { \"h\": 9, \"w\": 12, \"x\": 12, \"y\": 6 },\n      \"targets\": [\n        {\n          \"expr\": \"histogram_quantile(0.50, sum by (le) (rate(http_request_duration_seconds_bucket{job=\\\"$job\\\"}[5m])))\",\n          \"legendFormat\": \"p50\",\n          \"refId\": \"A\"\n        },\n        {\n          \"expr\": \"histogram_quantile(0.95, sum by (le) (rate(http_request_duration_seconds_bucket{job=\\\"$job\\\"}[5m])))\",\n          \"legendFormat\": \"p95\",\n          \"refId\": \"B\"\n        },\n        {\n          \"expr\": \"histogram_quantile(0.99, sum by (le) (rate(http_request_duration_seconds_bucket{job=\\\"$job\\\"}[5m])))\",\n          \"legendFormat\": \"p99\",\n          \"refId\": \"C\"\n        }\n      ],\n      \"fieldConfig\": {\n        \"defaults\": {\n          \"unit\": \"s\",\n          \"custom\": { \"drawStyle\": \"line\", \"lineInterpolation\": \"smooth\", \"fillOpacity\": 10, \"lineWidth\": 2 }\n        }\n      },\n      \"options\": { \"legend\": { \"displayMode\": \"table\", \"placement\": \"bottom\", \"calcs\": [\"mean\", \"max\"] } }\n    },\n    {\n      \"id\": 7,\n      \"type\": \"timeseries\",\n      \"title\": \"Latency Heatmap (request duration buckets)\",\n      \"gridPos\": { \"h\": 9, \"w\": 12, \"x\": 0, \"y\": 15 },\n      \"targets\": [\n        {\n          \"expr\": \"sum by (le) (rate(http_request_duration_seconds_bucket{job=\\\"$job\\\"}[1m]))\",\n          \"legendFormat\": \"{{le}}\",\n          \"refId\": \"A\"\n        }\n      ],\n      \"fieldConfig\": { \"defaults\": { \"unit\": \"s\" } }\n    },\n    {\n      \"id\": 8,\n      \"type\": \"timeseries\",\n      \"title\": \"Errors by Status Code\",\n      \"gridPos\": { \"h\": 9, \"w\": 12, \"x\": 12, \"y\": 15 },\n      \"targets\": [\n        {\n          \"expr\": \"sum by (status) (rate(http_requests_total{job=\\\"$job\\\",status=~\\\"[45]..\\\"}[1m]))\",\n          \"legendFormat\": \"{{status}}\",\n          \"refId\": \"A\"\n        }\n      ],\n      \"fieldConfig\": {\n        \"defaults\": {\n          \"unit\": \"reqps\",\n          \"custom\": { \"drawStyle\": \"bars\", \"fillOpacity\": 80, \"lineWidth\": 1 }\n        }\n      }\n    },\n    {\n      \"id\": 9,\n      \"type\": \"row\",\n      \"title\": \"Go Runtime\",\n      \"gridPos\": { \"h\": 1, \"w\": 24, \"x\": 0, \"y\": 24 },\n      \"collapsed\": false\n    },\n    {\n      \"id\": 10,\n      \"type\": \"timeseries\",\n      \"title\": \"Goroutines\",\n      \"gridPos\": { \"h\": 8, \"w\": 8, \"x\": 0, \"y\": 25 },\n      \"targets\": [\n        {\n          \"expr\": \"sum by (pod) (go_goroutines{job=\\\"$job\\\"})\",\n          \"legendFormat\": \"{{pod}}\",\n          \"refId\": \"A\"\n        }\n      ],\n      \"fieldConfig\": { \"defaults\": { \"unit\": \"short\" } }\n    },\n    {\n      \"id\": 11,\n      \"type\": \"timeseries\",\n      \"title\": \"Memory (heap in use)\",\n      \"gridPos\": { \"h\": 8, \"w\": 8, \"x\": 8, \"y\": 25 },\n      \"targets\": [\n        {\n          \"expr\": \"sum by (pod) (go_memstats_heap_inuse_bytes{job=\\\"$job\\\"})\",\n          \"legendFormat\": \"{{pod}}\",\n          \"refId\": \"A\"\n        }\n      ],\n      \"fieldConfig\": { \"defaults\": { \"unit\": \"bytes\" } }\n    },\n    {\n      \"id\": 12,\n      \"type\": \"timeseries\",\n      \"title\": \"GC Pause (p99)\",\n      \"gridPos\": { \"h\": 8, \"w\": 8, \"x\": 16, \"y\": 25 },\n      \"targets\": [\n        {\n          \"expr\": \"go_gc_duration_seconds{job=\\\"$job\\\",quantile=\\\"1\\\"}\",\n          \"legendFormat\": \"{{pod}} max\",\n          \"refId\": \"A\"\n        }\n      ],\n      \"fieldConfig\": { \"defaults\": { \"unit\": \"s\" } }\n    }\n  ]\n}\n"
            },
            "id": "observability/platform-api-dashboard",
            "immutable": false,
            "metadata": [
              {
                "annotations": {
                  "grafana_folder": "Platform Lab"
                },
                "generate_name": "",
                "generation": 0,
                "labels": {
                  "grafana_dashboard": "1"
                },
                "name": "platform-api-dashboard",
                "namespace": "observability",
                "resource_version": "1119",
                "uid": "5f748bba-807e-4330-9a16-fdc486d96d40"
              }
            ]
          },
          "sensitive_attributes": [],
          "identity_schema_version": 1,
          "identity": {
            "api_version": "v1",
            "kind": "ConfigMap",
            "name": "platform-api-dashboard",
            "namespace": "observability"
          },
          "private": "bnVsbA==",
          "dependencies": [
            "helm_release.kube_prometheus_stack",
            "kind_cluster.platform_lab",
            "kubernetes_namespace.observability"
          ]
        }
      ]
    },
    {
      "mode": "managed",
      "type": "kubernetes_manifest",
      "name": "alertmanager_ingress",
      "provider": "provider[\"registry.terraform.io/hashicorp/kubernetes\"]",
      "instances": [
        {
          "schema_version": 1,
          "attributes": {
            "computed_fields": null,
            "field_manager": [],
            "manifest": {
              "value": {
                "apiVersion": "networking.k8s.io/v1",
                "kind": "Ingress",
                "metadata": {
                  "name": "alertmanager",
                  "namespace": "observability"
                },
                "spec": {
                  "ingressClassName": "nginx",
                  "rules": [
                    {
                      "host": "alertmanager.platform-lab.test",
                      "http": {
                        "paths": [
                          {
                            "backend": {
                              "service": {
                                "name": "kps-kube-prometheus-stack-alertmanager",
                                "port": {
                                  "number": 9093
                                }
                              }
                            },
                            "path": "/",
                            "pathType": "Prefix"
                          }
                        ]
                      }
                    }
                  ]
                }
              },
              "type": [
                "object",
                {
                  "apiVersion": "string",
                  "kind": "string",
                  "metadata": [
                    "object",
                    {
                      "name": "string",
                      "namespace": "string"
                    }
                  ],
                  "spec": [
                    "object",
                    {
                      "ingressClassName": "string",
                      "rules": [
                        "tuple",
                        [
                          [
                            "object",
                            {
                              "host": "string",
                              "http": [
                                "object",
                                {
                                  "paths": [
                                    "tuple",
                                    [
                                      [
                                        "object",
                                        {
                                          "backend": [
                                            "object",
                                            {
                                              "service": [
                                                "object",
                                                {
                                                  "name": "string",
                                                  "port": [
                                                    "object",
                                                    {
                                                      "number": "number"
                                                    }
                                                  ]
                                                }
                                              ]
                                            }
                                          ],
                                          "path": "string",
                                          "pathType": "string"
                                        }
                                      ]
                                    ]
                                  ]
                                }
                              ]
                            }
                          ]
                        ]
                      ]
                    }
                  ]
                }
              ]
            },
            "object": {
              "value": {
                "apiVersion": "networking.k8s.io/v1",
                "kind": "Ingress",
                "metadata": {
                  "annotations": null,
                  "creationTimestamp": null,
                  "deletionGracePeriodSeconds": null,
                  "deletionTimestamp": null,
                  "finalizers": null,
                  "generateName": null,
                  "generation": null,
                  "labels": null,
                  "managedFields": null,
                  "name": "alertmanager",
                  "namespace": "observability",
                  "ownerReferences": null,
                  "resourceVersion": null,
                  "selfLink": null,
                  "uid": null
                },
                "spec": {
                  "defaultBackend": {
                    "resource": {
                      "apiGroup": null,
                      "kind": null,
                      "name": null
                    },
                    "service": {
                      "name": null,
                      "port": {
                        "name": null,
                        "number": null
                      }
                    }
                  },
                  "ingressClassName": "nginx",
                  "rules": [
                    {
                      "host": "alertmanager.platform-lab.test",
                      "http": {
                        "paths": [
                          {
                            "backend": {
                              "resource": {
                                "apiGroup": null,
                                "kind": null,
                                "name": null
                              },
                              "service": {
                                "name": "kps-kube-prometheus-stack-alertmanager",
                                "port": {
                                  "name": null,
                                  "number": 9093
                                }
                              }
                            },
                            "path": "/",
                            "pathType": "Prefix"
                          }
                        ]
                      }
                    }
                  ],
                  "tls": null
                }
              },
              "type": [
                "object",
                {
                  "apiVersion": "string",
                  "kind": "string",
                  "metadata": [
                    "object",
                    {
                      "annotations": [
                        "map",
                        "string"
                      ],
                      "creationTimestamp": "string",
                      "deletionGracePeriodSeconds": "number",
                      "deletionTimestamp": "string",
                      "finalizers": [
                        "list",
                        "string"
                      ],
                      "generateName": "string",
                      "generation": "number",
                      "labels": [
                        "map",
                        "string"
                      ],
                      "managedFields": [
                        "tuple",
                        [
                          [
                            "object",
                            {
                              "apiVersion": "string",
                              "fieldsType": "string",
                              "fieldsV1": "dynamic",
                              "manager": "string",
                              "operation": "string",
                              "subresource": "string",
                              "time": "string"
                            }
                          ]
                        ]
                      ],
                      "name": "string",
                      "namespace": "string",
                      "ownerReferences": [
                        "list",
                        [
                          "object",
                          {
                            "apiVersion": "string",
                            "blockOwnerDeletion": "bool",
                            "controller": "bool",
                            "kind": "string",
                            "name": "string",
                            "uid": "string"
                          }
                        ]
                      ],
                      "resourceVersion": "string",
                      "selfLink": "string",
                      "uid": "string"
                    }
                  ],
                  "spec": [
                    "object",
                    {
                      "defaultBackend": [
                        "object",
                        {
                          "resource": [
                            "object",
                            {
                              "apiGroup": "string",
                              "kind": "string",
                              "name": "string"
                            }
                          ],
                          "service": [
                            "object",
                            {
                              "name": "string",
                              "port": [
                                "object",
                                {
                                  "name": "string",
                                  "number": "number"
                                }
                              ]
                            }
                          ]
                        }
                      ],
                      "ingressClassName": "string",
                      "rules": [
                        "list",
                        [
                          "object",
                          {
                            "host": "string",
                            "http": [
                              "object",
                              {
                                "paths": [
                                  "list",
                                  [
                                    "object",
                                    {
                                      "backend": [
                                        "object",
                                        {
                                          "resource": [
                                            "object",
                                            {
                                              "apiGroup": "string",
                                              "kind": "string",
                                              "name": "string"
                                            }
                                          ],
                                          "service": [
                                            "object",
                                            {
                                              "name": "string",
                                              "port": [
                                                "object",
                                                {
                                                  "name": "string",
                                                  "number": "number"
                                                }
                                              ]
                                            }
                                          ]
                                        }
                                      ],
                                      "path": "string",
                                      "pathType": "string"
                                    }
                                  ]
                                ]
                              }
                            ]
                          }
                        ]
                      ],
                      "tls": [
                        "list",
                        [
                          "object",
                          {
                            "hosts": [
                              "list",
                              "string"
                            ],
                            "secretName": "string"
                          }
                        ]
                      ]
                    }
                  ]
                }
              ]
            },
            "timeouts": [],
            "wait": [],
            "wait_for": null
          },
          "sensitive_attributes": [],
          "identity_schema_version": 1,
          "identity": {
            "api_version": "networking.k8s.io/v1",
            "kind": "Ingress",
            "name": "alertmanager",
            "namespace": "observability"
          },
          "dependencies": [
            "helm_release.ingress_nginx",
            "helm_release.kube_prometheus_stack",
            "kind_cluster.platform_lab",
            "kubernetes_namespace.ingress_nginx",
            "kubernetes_namespace.observability"
          ]
        }
      ]
    },
    {
      "mode": "managed",
      "type": "kubernetes_manifest",
      "name": "argocd_ingress",
      "provider": "provider[\"registry.terraform.io/hashicorp/kubernetes\"]",
      "instances": [
        {
          "schema_version": 1,
          "attributes": {
            "computed_fields": null,
            "field_manager": [],
            "manifest": {
              "value": {
                "apiVersion": "networking.k8s.io/v1",
                "kind": "Ingress",
                "metadata": {
                  "annotations": {
                    "nginx.ingress.kubernetes.io/backend-protocol": "HTTP"
                  },
                  "name": "argocd-server",
                  "namespace": "argocd"
                },
                "spec": {
                  "ingressClassName": "nginx",
                  "rules": [
                    {
                      "host": "argocd.platform-lab.test",
                      "http": {
                        "paths": [
                          {
                            "backend": {
                              "service": {
                                "name": "argocd-server",
                                "port": {
                                  "number": 80
                                }
                              }
                            },
                            "path": "/",
                            "pathType": "Prefix"
                          }
                        ]
                      }
                    }
                  ]
                }
              },
              "type": [
                "object",
                {
                  "apiVersion": "string",
                  "kind": "string",
                  "metadata": [
                    "object",
                    {
                      "annotations": [
                        "object",
                        {
                          "nginx.ingress.kubernetes.io/backend-protocol": "string"
                        }
                      ],
                      "name": "string",
                      "namespace": "string"
                    }
                  ],
                  "spec": [
                    "object",
                    {
                      "ingressClassName": "string",
                      "rules": [
                        "tuple",
                        [
                          [
                            "object",
                            {
                              "host": "string",
                              "http": [
                                "object",
                                {
                                  "paths": [
                                    "tuple",
                                    [
                                      [
                                        "object",
                                        {
                                          "backend": [
                                            "object",
                                            {
                                              "service": [
                                                "object",
                                                {
                                                  "name": "string",
                                                  "port": [
                                                    "object",
                                                    {
                                                      "number": "number"
                                                    }
                                                  ]
                                                }
                                              ]
                                            }
                                          ],
                                          "path": "string",
                                          "pathType": "string"
                                        }
                                      ]
                                    ]
                                  ]
                                }
                              ]
                            }
                          ]
                        ]
                      ]
                    }
                  ]
                }
              ]
            },
            "object": {
              "value": {
                "apiVersion": "networking.k8s.io/v1",
                "kind": "Ingress",
                "metadata": {
                  "annotations": {
                    "nginx.ingress.kubernetes.io/backend-protocol": "HTTP"
                  },
                  "creationTimestamp": null,
                  "deletionGracePeriodSeconds": null,
                  "deletionTimestamp": null,
                  "finalizers": null,
                  "generateName": null,
                  "generation": null,
                  "labels": null,
                  "managedFields": null,
                  "name": "argocd-server",
                  "namespace": "argocd",
                  "ownerReferences": null,
                  "resourceVersion": null,
                  "selfLink": null,
                  "uid": null
                },
                "spec": {
                  "defaultBackend": {
                    "resource": {
                      "apiGroup": null,
                      "kind": null,
                      "name": null
                    },
                    "service": {
                      "name": null,
                      "port": {
                        "name": null,
                        "number": null
                      }
                    }
                  },
                  "ingressClassName": "nginx",
                  "rules": [
                    {
                      "host": "argocd.platform-lab.test",
                      "http": {
                        "paths": [
                          {
                            "backend": {
                              "resource": {
                                "apiGroup": null,
                                "kind": null,
                                "name": null
                              },
                              "service": {
                                "name": "argocd-server",
                                "port": {
                                  "name": null,
                                  "number": 80
                                }
                              }
                            },
                            "path": "/",
                            "pathType": "Prefix"
                          }
                        ]
                      }
                    }
                  ],
                  "tls": null
                }
              },
              "type": [
                "object",
                {
                  "apiVersion": "string",
                  "kind": "string",
                  "metadata": [
                    "object",
                    {
                      "annotations": [
                        "map",
                        "string"
                      ],
                      "creationTimestamp": "string",
                      "deletionGracePeriodSeconds": "number",
                      "deletionTimestamp": "string",
                      "finalizers": [
                        "list",
                        "string"
                      ],
                      "generateName": "string",
                      "generation": "number",
                      "labels": [
                        "map",
                        "string"
                      ],
                      "managedFields": [
                        "tuple",
                        [
                          [
                            "object",
                            {
                              "apiVersion": "string",
                              "fieldsType": "string",
                              "fieldsV1": "dynamic",
                              "manager": "string",
                              "operation": "string",
                              "subresource": "string",
                              "time": "string"
                            }
                          ]
                        ]
                      ],
                      "name": "string",
                      "namespace": "string",
                      "ownerReferences": [
                        "list",
                        [
                          "object",
                          {
                            "apiVersion": "string",
                            "blockOwnerDeletion": "bool",
                            "controller": "bool",
                            "kind": "string",
                            "name": "string",
                            "uid": "string"
                          }
                        ]
                      ],
                      "resourceVersion": "string",
                      "selfLink": "string",
                      "uid": "string"
                    }
                  ],
                  "spec": [
                    "object",
                    {
                      "defaultBackend": [
                        "object",
                        {
                          "resource": [
                            "object",
                            {
                              "apiGroup": "string",
                              "kind": "string",
                              "name": "string"
                            }
                          ],
                          "service": [
                            "object",
                            {
                              "name": "string",
                              "port": [
                                "object",
                                {
                                  "name": "string",
                                  "number": "number"
                                }
                              ]
                            }
                          ]
                        }
                      ],
                      "ingressClassName": "string",
                      "rules": [
                        "list",
                        [
                          "object",
                          {
                            "host": "string",
                            "http": [
                              "object",
                              {
                                "paths": [
                                  "list",
                                  [
                                    "object",
                                    {
                                      "backend": [
                                        "object",
                                        {
                                          "resource": [
                                            "object",
                                            {
                                              "apiGroup": "string",
                                              "kind": "string",
                                              "name": "string"
                                            }
                                          ],
                                          "service": [
                                            "object",
                                            {
                                              "name": "string",
                                              "port": [
                                                "object",
                                                {
                                                  "name": "string",
                                                  "number": "number"
                                                }
                                              ]
                                            }
                                          ]
                                        }
                                      ],
                                      "path": "string",
                                      "pathType": "string"
                                    }
                                  ]
                                ]
                              }
                            ]
                          }
                        ]
                      ],
                      "tls": [
                        "list",
                        [
                          "object",
                          {
                            "hosts": [
                              "list",
                              "string"
                            ],
                            "secretName": "string"
                          }
                        ]
                      ]
                    }
                  ]
                }
              ]
            },
            "timeouts": [],
            "wait": [],
            "wait_for": null
          },
          "sensitive_attributes": [],
          "identity_schema_version": 1,
          "identity": {
            "api_version": "networking.k8s.io/v1",
            "kind": "Ingress",
            "name": "argocd-server",
            "namespace": "argocd"
          },
          "dependencies": [
            "helm_release.argocd",
            "helm_release.ingress_nginx",
            "helm_release.kube_prometheus_stack",
            "kind_cluster.platform_lab",
            "kubernetes_namespace.argocd",
            "kubernetes_namespace.ingress_nginx",
            "kubernetes_namespace.observability"
          ]
        }
      ]
    },
    {
      "mode": "managed",
      "type": "kubernetes_manifest",
      "name": "grafana_ingress",
      "provider": "provider[\"registry.terraform.io/hashicorp/kubernetes\"]",
      "instances": [
        {
          "schema_version": 1,
          "attributes": {
            "computed_fields": null,
            "field_manager": [],
            "manifest": {
              "value": {
                "apiVersion": "networking.k8s.io/v1",
                "kind": "Ingress",
                "metadata": {
                  "name": "grafana",
                  "namespace": "observability"
                },
                "spec": {
                  "ingressClassName": "nginx",
                  "rules": [
                    {
                      "host": "grafana.platform-lab.test",
                      "http": {
                        "paths": [
                          {
                            "backend": {
                              "service": {
                                "name": "kps-grafana",
                                "port": {
                                  "number": 80
                                }
                              }
                            },
                            "path": "/",
                            "pathType": "Prefix"
                          }
                        ]
                      }
                    }
                  ]
                }
              },
              "type": [
                "object",
                {
                  "apiVersion": "string",
                  "kind": "string",
                  "metadata": [
                    "object",
                    {
                      "name": "string",
                      "namespace": "string"
                    }
                  ],
                  "spec": [
                    "object",
                    {
                      "ingressClassName": "string",
                      "rules": [
                        "tuple",
                        [
                          [
                            "object",
                            {
                              "host": "string",
                              "http": [
                                "object",
                                {
                                  "paths": [
                                    "tuple",
                                    [
                                      [
                                        "object",
                                        {
                                          "backend": [
                                            "object",
                                            {
                                              "service": [
                                                "object",
                                                {
                                                  "name": "string",
                                                  "port": [
                                                    "object",
                                                    {
                                                      "number": "number"
                                                    }
                                                  ]
                                                }
                                              ]
                                            }
                                          ],
                                          "path": "string",
                                          "pathType": "string"
                                        }
                                      ]
                                    ]
                                  ]
                                }
                              ]
                            }
                          ]
                        ]
                      ]
                    }
                  ]
                }
              ]
            },
            "object": {
              "value": {
                "apiVersion": "networking.k8s.io/v1",
                "kind": "Ingress",
                "metadata": {
                  "annotations": null,
                  "creationTimestamp": null,
                  "deletionGracePeriodSeconds": null,
                  "deletionTimestamp": null,
                  "finalizers": null,
                  "generateName": null,
                  "generation": null,
                  "labels": null,
                  "managedFields": null,
                  "name": "grafana",
                  "namespace": "observability",
                  "ownerReferences": null,
                  "resourceVersion": null,
                  "selfLink": null,
                  "uid": null
                },
                "spec": {
                  "defaultBackend": {
                    "resource": {
                      "apiGroup": null,
                      "kind": null,
                      "name": null
                    },
                    "service": {
                      "name": null,
                      "port": {
                        "name": null,
                        "number": null
                      }
                    }
                  },
                  "ingressClassName": "nginx",
                  "rules": [
                    {
                      "host": "grafana.platform-lab.test",
                      "http": {
                        "paths": [
                          {
                            "backend": {
                              "resource": {
                                "apiGroup": null,
                                "kind": null,
                                "name": null
                              },
                              "service": {
                                "name": "kps-grafana",
                                "port": {
                                  "name": null,
                                  "number": 80
                                }
                              }
                            },
                            "path": "/",
                            "pathType": "Prefix"
                          }
                        ]
                      }
                    }
                  ],
                  "tls": null
                }
              },
              "type": [
                "object",
                {
                  "apiVersion": "string",
                  "kind": "string",
                  "metadata": [
                    "object",
                    {
                      "annotations": [
                        "map",
                        "string"
                      ],
                      "creationTimestamp": "string",
                      "deletionGracePeriodSeconds": "number",
                      "deletionTimestamp": "string",
                      "finalizers": [
                        "list",
                        "string"
                      ],
                      "generateName": "string",
                      "generation": "number",
                      "labels": [
                        "map",
                        "string"
                      ],
                      "managedFields": [
                        "tuple",
                        [
                          [
                            "object",
                            {
                              "apiVersion": "string",
                              "fieldsType": "string",
                              "fieldsV1": "dynamic",
                              "manager": "string",
                              "operation": "string",
                              "subresource": "string",
                              "time": "string"
                            }
                          ]
                        ]
                      ],
                      "name": "string",
                      "namespace": "string",
                      "ownerReferences": [
                        "list",
                        [
                          "object",
                          {
                            "apiVersion": "string",
                            "blockOwnerDeletion": "bool",
                            "controller": "bool",
                            "kind": "string",
                            "name": "string",
                            "uid": "string"
                          }
                        ]
                      ],
                      "resourceVersion": "string",
                      "selfLink": "string",
                      "uid": "string"
                    }
                  ],
                  "spec": [
                    "object",
                    {
                      "defaultBackend": [
                        "object",
                        {
                          "resource": [
                            "object",
                            {
                              "apiGroup": "string",
                              "kind": "string",
                              "name": "string"
                            }
                          ],
                          "service": [
                            "object",
                            {
                              "name": "string",
                              "port": [
                                "object",
                                {
                                  "name": "string",
                                  "number": "number"
                                }
                              ]
                            }
                          ]
                        }
                      ],
                      "ingressClassName": "string",
                      "rules": [
                        "list",
                        [
                          "object",
                          {
                            "host": "string",
                            "http": [
                              "object",
                              {
                                "paths": [
                                  "list",
                                  [
                                    "object",
                                    {
                                      "backend": [
                                        "object",
                                        {
                                          "resource": [
                                            "object",
                                            {
                                              "apiGroup": "string",
                                              "kind": "string",
                                              "name": "string"
                                            }
                                          ],
                                          "service": [
                                            "object",
                                            {
                                              "name": "string",
                                              "port": [
                                                "object",
                                                {
                                                  "name": "string",
                                                  "number": "number"
                                                }
                                              ]
                                            }
                                          ]
                                        }
                                      ],
                                      "path": "string",
                                      "pathType": "string"
                                    }
                                  ]
                                ]
                              }
                            ]
                          }
                        ]
                      ],
                      "tls": [
                        "list",
                        [
                          "object",
                          {
                            "hosts": [
                              "list",
                              "string"
                            ],
                            "secretName": "string"
                          }
                        ]
                      ]
                    }
                  ]
                }
              ]
            },
            "timeouts": [],
            "wait": [],
            "wait_for": null
          },
          "sensitive_attributes": [],
          "identity_schema_version": 1,
          "identity": {
            "api_version": "networking.k8s.io/v1",
            "kind": "Ingress",
            "name": "grafana",
            "namespace": "observability"
          },
          "dependencies": [
            "helm_release.ingress_nginx",
            "helm_release.kube_prometheus_stack",
            "kind_cluster.platform_lab",
            "kubernetes_namespace.ingress_nginx",
            "kubernetes_namespace.observability"
          ]
        }
      ]
    },
    {
      "mode": "managed",
      "type": "kubernetes_manifest",
      "name": "platform_api_ingress",
      "provider": "provider[\"registry.terraform.io/hashicorp/kubernetes\"]",
      "instances": [
        {
          "schema_version": 1,
          "attributes": {
            "computed_fields": null,
            "field_manager": [],
            "manifest": {
              "value": {
                "apiVersion": "networking.k8s.io/v1",
                "kind": "Ingress",
                "metadata": {
                  "name": "platform-api",
                  "namespace": "default"
                },
                "spec": {
                  "ingressClassName": "nginx",
                  "rules": [
                    {
                      "host": "platform-lab.test",
                      "http": {
                        "paths": [
                          {
                            "backend": {
                              "service": {
                                "name": "platform-api",
                                "port": {
                                  "number": 8080
                                }
                              }
                            },
                            "path": "/",
                            "pathType": "Prefix"
                          }
                        ]
                      }
                    }
                  ]
                }
              },
              "type": [
                "object",
                {
                  "apiVersion": "string",
                  "kind": "string",
                  "metadata": [
                    "object",
                    {
                      "name": "string",
                      "namespace": "string"
                    }
                  ],
                  "spec": [
                    "object",
                    {
                      "ingressClassName": "string",
                      "rules": [
                        "tuple",
                        [
                          [
                            "object",
                            {
                              "host": "string",
                              "http": [
                                "object",
                                {
                                  "paths": [
                                    "tuple",
                                    [
                                      [
                                        "object",
                                        {
                                          "backend": [
                                            "object",
                                            {
                                              "service": [
                                                "object",
                                                {
                                                  "name": "string",
                                                  "port": [
                                                    "object",
                                                    {
                                                      "number": "number"
                                                    }
                                                  ]
                                                }
                                              ]
                                            }
                                          ],
                                          "path": "string",
                                          "pathType": "string"
                                        }
                                      ]
                                    ]
                                  ]
                                }
                              ]
                            }
                          ]
                        ]
                      ]
                    }
                  ]
                }
              ]
            },
            "object": {
              "value": {
                "apiVersion": "networking.k8s.io/v1",
                "kind": "Ingress",
                "metadata": {
                  "annotations": null,
                  "creationTimestamp": null,
                  "deletionGracePeriodSeconds": null,
                  "deletionTimestamp": null,
                  "finalizers": null,
                  "generateName": null,
                  "generation": null,
                  "labels": null,
                  "managedFields": null,
                  "name": "platform-api",
                  "namespace": "default",
                  "ownerReferences": null,
                  "resourceVersion": null,
                  "selfLink": null,
                  "uid": null
                },
                "spec": {
                  "defaultBackend": {
                    "resource": {
                      "apiGroup": null,
                      "kind": null,
                      "name": null
                    },
                    "service": {
                      "name": null,
                      "port": {
                        "name": null,
                        "number": null
                      }
                    }
                  },
                  "ingressClassName": "nginx",
                  "rules": [
                    {
                      "host": "platform-lab.test",
                      "http": {
                        "paths": [
                          {
                            "backend": {
                              "resource": {
                                "apiGroup": null,
                                "kind": null,
                                "name": null
                              },
                              "service": {
                                "name": "platform-api",
                                "port": {
                                  "name": null,
                                  "number": 8080
                                }
                              }
                            },
                            "path": "/",
                            "pathType": "Prefix"
                          }
                        ]
                      }
                    }
                  ],
                  "tls": null
                }
              },
              "type": [
                "object",
                {
                  "apiVersion": "string",
                  "kind": "string",
                  "metadata": [
                    "object",
                    {
                      "annotations": [
                        "map",
                        "string"
                      ],
                      "creationTimestamp": "string",
                      "deletionGracePeriodSeconds": "number",
                      "deletionTimestamp": "string",
                      "finalizers": [
                        "list",
                        "string"
                      ],
                      "generateName": "string",
                      "generation": "number",
                      "labels": [
                        "map",
                        "string"
                      ],
                      "managedFields": [
                        "tuple",
                        [
                          [
                            "object",
                            {
                              "apiVersion": "string",
                              "fieldsType": "string",
                              "fieldsV1": "dynamic",
                              "manager": "string",
                              "operation": "string",
                              "subresource": "string",
                              "time": "string"
                            }
                          ]
                        ]
                      ],
                      "name": "string",
                      "namespace": "string",
                      "ownerReferences": [
                        "list",
                        [
                          "object",
                          {
                            "apiVersion": "string",
                            "blockOwnerDeletion": "bool",
                            "controller": "bool",
                            "kind": "string",
                            "name": "string",
                            "uid": "string"
                          }
                        ]
                      ],
                      "resourceVersion": "string",
                      "selfLink": "string",
                      "uid": "string"
                    }
                  ],
                  "spec": [
                    "object",
                    {
                      "defaultBackend": [
                        "object",
                        {
                          "resource": [
                            "object",
                            {
                              "apiGroup": "string",
                              "kind": "string",
                              "name": "string"
                            }
                          ],
                          "service": [
                            "object",
                            {
                              "name": "string",
                              "port": [
                                "object",
                                {
                                  "name": "string",
                                  "number": "number"
                                }
                              ]
                            }
                          ]
                        }
                      ],
                      "ingressClassName": "string",
                      "rules": [
                        "list",
                        [
                          "object",
                          {
                            "host": "string",
                            "http": [
                              "object",
                              {
                                "paths": [
                                  "list",
                                  [
                                    "object",
                                    {
                                      "backend": [
                                        "object",
                                        {
                                          "resource": [
                                            "object",
                                            {
                                              "apiGroup": "string",
                                              "kind": "string",
                                              "name": "string"
                                            }
                                          ],
                                          "service": [
                                            "object",
                                            {
                                              "name": "string",
                                              "port": [
                                                "object",
                                                {
                                                  "name": "string",
                                                  "number": "number"
                                                }
                                              ]
                                            }
                                          ]
                                        }
                                      ],
                                      "path": "string",
                                      "pathType": "string"
                                    }
                                  ]
                                ]
                              }
                            ]
                          }
                        ]
                      ],
                      "tls": [
                        "list",
                        [
                          "object",
                          {
                            "hosts": [
                              "list",
                              "string"
                            ],
                            "secretName": "string"
                          }
                        ]
                      ]
                    }
                  ]
                }
              ]
            },
            "timeouts": [],
            "wait": [],
            "wait_for": null
          },
          "sensitive_attributes": [],
          "identity_schema_version": 1,
          "identity": {
            "api_version": "networking.k8s.io/v1",
            "kind": "Ingress",
            "name": "platform-api",
            "namespace": "default"
          },
          "dependencies": [
            "helm_release.ingress_nginx",
            "helm_release.kube_prometheus_stack",
            "kind_cluster.platform_lab",
            "kubernetes_namespace.ingress_nginx",
            "kubernetes_namespace.observability"
          ]
        }
      ]
    },
    {
      "mode": "managed",
      "type": "kubernetes_manifest",
      "name": "platform_api_servicemonitor",
      "provider": "provider[\"registry.terraform.io/hashicorp/kubernetes\"]",
      "instances": [
        {
          "schema_version": 1,
          "attributes": {
            "computed_fields": null,
            "field_manager": [],
            "manifest": {
              "value": {
                "apiVersion": "monitoring.coreos.com/v1",
                "kind": "ServiceMonitor",
                "metadata": {
                  "labels": {
                    "release": "kps"
                  },
                  "name": "platform-api",
                  "namespace": "observability"
                },
                "spec": {
                  "endpoints": [
                    {
                      "interval": "15s",
                      "path": "/metrics",
                      "port": "http"
                    }
                  ],
                  "namespaceSelector": {
                    "matchNames": [
                      "default"
                    ]
                  },
                  "selector": {
                    "matchLabels": {
                      "app": "platform-api"
                    }
                  }
                }
              },
              "type": [
                "object",
                {
                  "apiVersion": "string",
                  "kind": "string",
                  "metadata": [
                    "object",
                    {
                      "labels": [
                        "object",
                        {
                          "release": "string"
                        }
                      ],
                      "name": "string",
                      "namespace": "string"
                    }
                  ],
                  "spec": [
                    "object",
                    {
                      "endpoints": [
                        "tuple",
                        [
                          [
                            "object",
                            {
                              "interval": "string",
                              "path": "string",
                              "port": "string"
                            }
                          ]
                        ]
                      ],
                      "namespaceSelector": [
                        "object",
                        {
                          "matchNames": [
                            "tuple",
                            [
                              "string"
                            ]
                          ]
                        }
                      ],
                      "selector": [
                        "object",
                        {
                          "matchLabels": [
                            "object",
                            {
                              "app": "string"
                            }
                          ]
                        }
                      ]
                    }
                  ]
                }
              ]
            },
            "object": {
              "value": {
                "apiVersion": "monitoring.coreos.com/v1",
                "kind": "ServiceMonitor",
                "metadata": {
                  "annotations": null,
                  "creationTimestamp": null,
                  "deletionGracePeriodSeconds": null,
                  "deletionTimestamp": null,
                  "finalizers": null,
                  "generateName": null,
                  "generation": null,
                  "labels": {
                    "release": "kps"
                  },
                  "managedFields": null,
                  "name": "platform-api",
                  "namespace": "observability",
                  "ownerReferences": null,
                  "resourceVersion": null,
                  "selfLink": null,
                  "uid": null
                },
                "spec": {
                  "attachMetadata": {
                    "node": null
                  },
                  "bodySizeLimit": null,
                  "convertClassicHistogramsToNHCB": null,
                  "endpoints": [
                    {
                      "authorization": {
                        "credentials": {
                          "key": null,
                          "name": null,
                          "optional": null
                        },
                        "type": null
                      },
                      "basicAuth": {
                        "password": {
                          "key": null,
                          "name": null,
                          "optional": null
                        },
                        "username": {
                          "key": null,
                          "name": null,
                          "optional": null
                        }
                      },
                      "bearerTokenFile": null,
                      "bearerTokenSecret": {
                        "key": null,
                        "name": null,
                        "optional": null
                      },
                      "enableHttp2": null,
                      "filterRunning": null,
                      "followRedirects": null,
                      "honorLabels": null,
                      "honorTimestamps": null,
                      "interval": "15s",
                      "metricRelabelings": null,
                      "noProxy": null,
                      "oauth2": {
                        "clientId": {
                          "configMap": {
                            "key": null,
                            "name": null,
                            "optional": null
                          },
                          "secret": {
                            "key": null,
                            "name": null,
                            "optional": null
                          }
                        },
                        "clientSecret": {
                          "key": null,
                          "name": null,
                          "optional": null
                        },
                        "endpointParams": null,
                        "noProxy": null,
                        "proxyConnectHeader": null,
                        "proxyFromEnvironment": null,
                        "proxyUrl": null,
                        "scopes": null,
                        "tlsConfig": {
                          "ca": {
                            "configMap": {
                              "key": null,
                              "name": null,
                              "optional": null
                            },
                            "secret": {
                              "key": null,
                              "name": null,
                              "optional": null
                            }
                          },
                          "cert": {
                            "configMap": {
                              "key": null,
                              "name": null,
                              "optional": null
                            },
                            "secret": {
                              "key": null,
                              "name": null,
                              "optional": null
                            }
                          },
                          "insecureSkipVerify": null,
                          "keySecret": {
                            "key": null,
                            "name": null,
                            "optional": null
                          },
                          "maxVersion": null,
                          "minVersion": null,
                          "serverName": null
                        },
                        "tokenUrl": null
                      },
                      "params": null,
                      "path": "/metrics",
                      "port": "http",
                      "proxyConnectHeader": null,
                      "proxyFromEnvironment": null,
                      "proxyUrl": null,
                      "relabelings": null,
                      "scheme": null,
                      "scrapeTimeout": null,
                      "targetPort": null,
                      "tlsConfig": {
                        "ca": {
                          "configMap": {
                            "key": null,
                            "name": null,
                            "optional": null
                          },
                          "secret": {
                            "key": null,
                            "name": null,
                            "optional": null
                          }
                        },
                        "caFile": null,
                        "cert": {
                          "configMap": {
                            "key": null,
                            "name": null,
                            "optional": null
                          },
                          "secret": {
                            "key": null,
                            "name": null,
                            "optional": null
                          }
                        },
                        "certFile": null,
                        "insecureSkipVerify": null,
                        "keyFile": null,
                        "keySecret": {
                          "key": null,
                          "name": null,
                          "optional": null
                        },
                        "maxVersion": null,
                        "minVersion": null,
                        "serverName": null
                      },
                      "trackTimestampsStaleness": null
                    }
                  ],
                  "fallbackScrapeProtocol": null,
                  "jobLabel": null,
                  "keepDroppedTargets": null,
                  "labelLimit": null,
                  "labelNameLengthLimit": null,
                  "labelValueLengthLimit": null,
                  "namespaceSelector": {
                    "any": null,
                    "matchNames": [
                      "default"
                    ]
                  },
                  "nativeHistogramBucketLimit": null,
                  "nativeHistogramMinBucketFactor": null,
                  "podTargetLabels": null,
                  "sampleLimit": null,
                  "scrapeClass": null,
                  "scrapeClassicHistograms": null,
                  "scrapeProtocols": null,
                  "selector": {
                    "matchExpressions": null,
                    "matchLabels": {
                      "app": "platform-api"
                    }
                  },
                  "selectorMechanism": null,
                  "targetLabels": null,
                  "targetLimit": null
                }
              },
              "type": [
                "object",
                {
                  "apiVersion": "string",
                  "kind": "string",
                  "metadata": [
                    "object",
                    {
                      "annotations": [
                        "map",
                        "string"
                      ],
                      "creationTimestamp": "string",
                      "deletionGracePeriodSeconds": "number",
                      "deletionTimestamp": "string",
                      "finalizers": [
                        "list",
                        "string"
                      ],
                      "generateName": "string",
                      "generation": "number",
                      "labels": [
                        "map",
                        "string"
                      ],
                      "managedFields": [
                        "tuple",
                        [
                          [
                            "object",
                            {
                              "apiVersion": "string",
                              "fieldsType": "string",
                              "fieldsV1": "dynamic",
                              "manager": "string",
                              "operation": "string",
                              "subresource": "string",
                              "time": "string"
                            }
                          ]
                        ]
                      ],
                      "name": "string",
                      "namespace": "string",
                      "ownerReferences": [
                        "list",
                        [
                          "object",
                          {
                            "apiVersion": "string",
                            "blockOwnerDeletion": "bool",
                            "controller": "bool",
                            "kind": "string",
                            "name": "string",
                            "uid": "string"
                          }
                        ]
                      ],
                      "resourceVersion": "string",
                      "selfLink": "string",
                      "uid": "string"
                    }
                  ],
                  "spec": [
                    "object",
                    {
                      "attachMetadata": [
                        "object",
                        {
                          "node": "bool"
                        }
                      ],
                      "bodySizeLimit": "string",
                      "convertClassicHistogramsToNHCB": "bool",
                      "endpoints": [
                        "list",
                        [
                          "object",
                          {
                            "authorization": [
                              "object",
                              {
                                "credentials": [
                                  "object",
                                  {
                                    "key": "string",
                                    "name": "string",
                                    "optional": "bool"
                                  }
                                ],
                                "type": "string"
                              }
                            ],
                            "basicAuth": [
                              "object",
                              {
                                "password": [
                                  "object",
                                  {
                                    "key": "string",
                                    "name": "string",
                                    "optional": "bool"
                                  }
                                ],
                                "username": [
                                  "object",
                                  {
                                    "key": "string",
                                    "name": "string",
                                    "optional": "bool"
                                  }
                                ]
                              }
                            ],
                            "bearerTokenFile": "string",
                            "bearerTokenSecret": [
                              "object",
                              {
                                "key": "string",
                                "name": "string",
                                "optional": "bool"
                              }
                            ],
                            "enableHttp2": "bool",
                            "filterRunning": "bool",
                            "followRedirects": "bool",
                            "honorLabels": "bool",
                            "honorTimestamps": "bool",
                            "interval": "string",
                            "metricRelabelings": [
                              "list",
                              [
                                "object",
                                {
                                  "action": "string",
                                  "modulus": "number",
                                  "regex": "string",
                                  "replacement": "string",
                                  "separator": "string",
                                  "sourceLabels": [
                                    "list",
                                    "string"
                                  ],
                                  "targetLabel": "string"
                                }
                              ]
                            ],
                            "noProxy": "string",
                            "oauth2": [
                              "object",
                              {
                                "clientId": [
                                  "object",
                                  {
                                    "configMap": [
                                      "object",
                                      {
                                        "key": "string",
                                        "name": "string",
                                        "optional": "bool"
                                      }
                                    ],
                                    "secret": [
                                      "object",
                                      {
                                        "key": "string",
                                        "name": "string",
                                        "optional": "bool"
                                      }
                                    ]
                                  }
                                ],
                                "clientSecret": [
                                  "object",
                                  {
                                    "key": "string",
                                    "name": "string",
                                    "optional": "bool"
                                  }
                                ],
                                "endpointParams": [
                                  "map",
                                  "string"
                                ],
                                "noProxy": "string",
                                "proxyConnectHeader": [
                                  "map",
                                  [
                                    "list",
                                    [
                                      "object",
                                      {
                                        "key": "string",
                                        "name": "string",
                                        "optional": "bool"
                                      }
                                    ]
                                  ]
                                ],
                                "proxyFromEnvironment": "bool",
                                "proxyUrl": "string",
                                "scopes": [
                                  "list",
                                  "string"
                                ],
                                "tlsConfig": [
                                  "object",
                                  {
                                    "ca": [
                                      "object",
                                      {
                                        "configMap": [
                                          "object",
                                          {
                                            "key": "string",
                                            "name": "string",
                                            "optional": "bool"
                                          }
                                        ],
                                        "secret": [
                                          "object",
                                          {
                                            "key": "string",
                                            "name": "string",
                                            "optional": "bool"
                                          }
                                        ]
                                      }
                                    ],
                                    "cert": [
                                      "object",
                                      {
                                        "configMap": [
                                          "object",
                                          {
                                            "key": "string",
                                            "name": "string",
                                            "optional": "bool"
                                          }
                                        ],
                                        "secret": [
                                          "object",
                                          {
                                            "key": "string",
                                            "name": "string",
                                            "optional": "bool"
                                          }
                                        ]
                                      }
                                    ],
                                    "insecureSkipVerify": "bool",
                                    "keySecret": [
                                      "object",
                                      {
                                        "key": "string",
                                        "name": "string",
                                        "optional": "bool"
                                      }
                                    ],
                                    "maxVersion": "string",
                                    "minVersion": "string",
                                    "serverName": "string"
                                  }
                                ],
                                "tokenUrl": "string"
                              }
                            ],
                            "params": [
                              "map",
                              [
                                "list",
                                "string"
                              ]
                            ],
                            "path": "string",
                            "port": "string",
                            "proxyConnectHeader": [
                              "map",
                              [
                                "list",
                                [
                                  "object",
                                  {
                                    "key": "string",
                                    "name": "string",
                                    "optional": "bool"
                                  }
                                ]
                              ]
                            ],
                            "proxyFromEnvironment": "bool",
                            "proxyUrl": "string",
                            "relabelings": [
                              "list",
                              [
                                "object",
                                {
                                  "action": "string",
                                  "modulus": "number",
                                  "regex": "string",
                                  "replacement": "string",
                                  "separator": "string",
                                  "sourceLabels": [
                                    "list",
                                    "string"
                                  ],
                                  "targetLabel": "string"
                                }
                              ]
                            ],
                            "scheme": "string",
                            "scrapeTimeout": "string",
                            "targetPort": "string",
                            "tlsConfig": [
                              "object",
                              {
                                "ca": [
                                  "object",
                                  {
                                    "configMap": [
                                      "object",
                                      {
                                        "key": "string",
                                        "name": "string",
                                        "optional": "bool"
                                      }
                                    ],
                                    "secret": [
                                      "object",
                                      {
                                        "key": "string",
                                        "name": "string",
                                        "optional": "bool"
                                      }
                                    ]
                                  }
                                ],
                                "caFile": "string",
                                "cert": [
                                  "object",
                                  {
                                    "configMap": [
                                      "object",
                                      {
                                        "key": "string",
                                        "name": "string",
                                        "optional": "bool"
                                      }
                                    ],
                                    "secret": [
                                      "object",
                                      {
                                        "key": "string",
                                        "name": "string",
                                        "optional": "bool"
                                      }
                                    ]
                                  }
                                ],
                                "certFile": "string",
                                "insecureSkipVerify": "bool",
                                "keyFile": "string",
                                "keySecret": [
                                  "object",
                                  {
                                    "key": "string",
                                    "name": "string",
                                    "optional": "bool"
                                  }
                                ],
                                "maxVersion": "string",
                                "minVersion": "string",
                                "serverName": "string"
                              }
                            ],
                            "trackTimestampsStaleness": "bool"
                          }
                        ]
                      ],
                      "fallbackScrapeProtocol": "string",
                      "jobLabel": "string",
                      "keepDroppedTargets": "number",
                      "labelLimit": "number",
                      "labelNameLengthLimit": "number",
                      "labelValueLengthLimit": "number",
                      "namespaceSelector": [
                        "object",
                        {
                          "any": "bool",
                          "matchNames": [
                            "list",
                            "string"
                          ]
                        }
                      ],
                      "nativeHistogramBucketLimit": "number",
                      "nativeHistogramMinBucketFactor": "string",
                      "podTargetLabels": [
                        "list",
                        "string"
                      ],
                      "sampleLimit": "number",
                      "scrapeClass": "string",
                      "scrapeClassicHistograms": "bool",
                      "scrapeProtocols": [
                        "list",
                        "string"
                      ],
                      "selector": [
                        "object",
                        {
                          "matchExpressions": [
                            "list",
                            [
                              "object",
                              {
                                "key": "string",
                                "operator": "string",
                                "values": [
                                  "list",
                                  "string"
                                ]
                              }
                            ]
                          ],
                          "matchLabels": [
                            "map",
                            "string"
                          ]
                        }
                      ],
                      "selectorMechanism": "string",
                      "targetLabels": [
                        "list",
                        "string"
                      ],
                      "targetLimit": "number"
                    }
                  ]
                }
              ]
            },
            "timeouts": [],
            "wait": [],
            "wait_for": null
          },
          "sensitive_attributes": [],
          "identity_schema_version": 1,
          "identity": {
            "api_version": "monitoring.coreos.com/v1",
            "kind": "ServiceMonitor",
            "name": "platform-api",
            "namespace": "observability"
          },
          "dependencies": [
            "helm_release.kube_prometheus_stack",
            "kind_cluster.platform_lab",
            "kubernetes_namespace.observability"
          ]
        }
      ]
    },
    {
      "mode": "managed",
      "type": "kubernetes_manifest",
      "name": "prometheus_ingress",
      "provider": "provider[\"registry.terraform.io/hashicorp/kubernetes\"]",
      "instances": [
        {
          "schema_version": 1,
          "attributes": {
            "computed_fields": null,
            "field_manager": [],
            "manifest": {
              "value": {
                "apiVersion": "networking.k8s.io/v1",
                "kind": "Ingress",
                "metadata": {
                  "name": "prometheus",
                  "namespace": "observability"
                },
                "spec": {
                  "ingressClassName": "nginx",
                  "rules": [
                    {
                      "host": "prometheus.platform-lab.test",
                      "http": {
                        "paths": [
                          {
                            "backend": {
                              "service": {
                                "name": "kps-kube-prometheus-stack-prometheus",
                                "port": {
                                  "number": 9090
                                }
                              }
                            },
                            "path": "/",
                            "pathType": "Prefix"
                          }
                        ]
                      }
                    }
                  ]
                }
              },
              "type": [
                "object",
                {
                  "apiVersion": "string",
                  "kind": "string",
                  "metadata": [
                    "object",
                    {
                      "name": "string",
                      "namespace": "string"
                    }
                  ],
                  "spec": [
                    "object",
                    {
                      "ingressClassName": "string",
                      "rules": [
                        "tuple",
                        [
                          [
                            "object",
                            {
                              "host": "string",
                              "http": [
                                "object",
                                {
                                  "paths": [
                                    "tuple",
                                    [
                                      [
                                        "object",
                                        {
                                          "backend": [
                                            "object",
                                            {
                                              "service": [
                                                "object",
                                                {
                                                  "name": "string",
                                                  "port": [
                                                    "object",
                                                    {
                                                      "number": "number"
                                                    }
                                                  ]
                                                }
                                              ]
                                            }
                                          ],
                                          "path": "string",
                                          "pathType": "string"
                                        }
                                      ]
                                    ]
                                  ]
                                }
                              ]
                            }
                          ]
                        ]
                      ]
                    }
                  ]
                }
              ]
            },
            "object": {
              "value": {
                "apiVersion": "networking.k8s.io/v1",
                "kind": "Ingress",
                "metadata": {
                  "annotations": null,
                  "creationTimestamp": null,
                  "deletionGracePeriodSeconds": null,
                  "deletionTimestamp": null,
                  "finalizers": null,
                  "generateName": null,
                  "generation": null,
                  "labels": null,
                  "managedFields": null,
                  "name": "prometheus",
                  "namespace": "observability",
                  "ownerReferences": null,
                  "resourceVersion": null,
                  "selfLink": null,
                  "uid": null
                },
                "spec": {
                  "defaultBackend": {
                    "resource": {
                      "apiGroup": null,
                      "kind": null,
                      "name": null
                    },
                    "service": {
                      "name": null,
                      "port": {
                        "name": null,
                        "number": null
                      }
                    }
                  },
                  "ingressClassName": "nginx",
                  "rules": [
                    {
                      "host": "prometheus.platform-lab.test",
                      "http": {
                        "paths": [
                          {
                            "backend": {
                              "resource": {
                                "apiGroup": null,
                                "kind": null,
                                "name": null
                              },
                              "service": {
                                "name": "kps-kube-prometheus-stack-prometheus",
                                "port": {
                                  "name": null,
                                  "number": 9090
                                }
                              }
                            },
                            "path": "/",
                            "pathType": "Prefix"
                          }
                        ]
                      }
                    }
                  ],
                  "tls": null
                }
              },
              "type": [
                "object",
                {
                  "apiVersion": "string",
                  "kind": "string",
                  "metadata": [
                    "object",
                    {
                      "annotations": [
                        "map",
                        "string"
                      ],
                      "creationTimestamp": "string",
                      "deletionGracePeriodSeconds": "number",
                      "deletionTimestamp": "string",
                      "finalizers": [
                        "list",
                        "string"
                      ],
                      "generateName": "string",
                      "generation": "number",
                      "labels": [
                        "map",
                        "string"
                      ],
                      "managedFields": [
                        "tuple",
                        [
                          [
                            "object",
                            {
                              "apiVersion": "string",
                              "fieldsType": "string",
                              "fieldsV1": "dynamic",
                              "manager": "string",
                              "operation": "string",
                              "subresource": "string",
                              "time": "string"
                            }
                          ]
                        ]
                      ],
                      "name": "string",
                      "namespace": "string",
                      "ownerReferences": [
                        "list",
                        [
                          "object",
                          {
                            "apiVersion": "string",
                            "blockOwnerDeletion": "bool",
                            "controller": "bool",
                            "kind": "string",
                            "name": "string",
                            "uid": "string"
                          }
                        ]
                      ],
                      "resourceVersion": "string",
                      "selfLink": "string",
                      "uid": "string"
                    }
                  ],
                  "spec": [
                    "object",
                    {
                      "defaultBackend": [
                        "object",
                        {
                          "resource": [
                            "object",
                            {
                              "apiGroup": "string",
                              "kind": "string",
                              "name": "string"
                            }
                          ],
                          "service": [
                            "object",
                            {
                              "name": "string",
                              "port": [
                                "object",
                                {
                                  "name": "string",
                                  "number": "number"
                                }
                              ]
                            }
                          ]
                        }
                      ],
                      "ingressClassName": "string",
                      "rules": [
                        "list",
                        [
                          "object",
                          {
                            "host": "string",
                            "http": [
                              "object",
                              {
                                "paths": [
                                  "list",
                                  [
                                    "object",
                                    {
                                      "backend": [
                                        "object",
                                        {
                                          "resource": [
                                            "object",
                                            {
                                              "apiGroup": "string",
                                              "kind": "string",
                                              "name": "string"
                                            }
                                          ],
                                          "service": [
                                            "object",
                                            {
                                              "name": "string",
                                              "port": [
                                                "object",
                                                {
                                                  "name": "string",
                                                  "number": "number"
                                                }
                                              ]
                                            }
                                          ]
                                        }
                                      ],
                                      "path": "string",
                                      "pathType": "string"
                                    }
                                  ]
                                ]
                              }
                            ]
                          }
                        ]
                      ],
                      "tls": [
                        "list",
                        [
                          "object",
                          {
                            "hosts": [
                              "list",
                              "string"
                            ],
                            "secretName": "string"
                          }
                        ]
                      ]
                    }
                  ]
                }
              ]
            },
            "timeouts": [],
            "wait": [],
            "wait_for": null
          },
          "sensitive_attributes": [],
          "identity_schema_version": 1,
          "identity": {
            "api_version": "networking.k8s.io/v1",
            "kind": "Ingress",
            "name": "prometheus",
            "namespace": "observability"
          },
          "dependencies": [
            "helm_release.ingress_nginx",
            "helm_release.kube_prometheus_stack",
            "kind_cluster.platform_lab",
            "kubernetes_namespace.ingress_nginx",
            "kubernetes_namespace.observability"
          ]
        }
      ]
    },
    {
      "mode": "managed",
      "type": "kubernetes_manifest",
      "name": "root_app",
      "provider": "provider[\"registry.terraform.io/hashicorp/kubernetes\"]",
      "instances": [
        {
          "schema_version": 1,
          "attributes": {
            "computed_fields": null,
            "field_manager": [],
            "manifest": {
              "value": {
                "apiVersion": "argoproj.io/v1alpha1",
                "kind": "Application",
                "metadata": {
                  "finalizers": [
                    "resources-finalizer.argocd.argoproj.io"
                  ],
                  "name": "root",
                  "namespace": "argocd"
                },
                "spec": {
                  "destination": {
                    "namespace": "argocd",
                    "server": "https://kubernetes.default.svc"
                  },
                  "project": "default",
                  "source": {
                    "directory": {
                      "recurse": true
                    },
                    "path": "apps",
                    "repoURL": "https://github.com/amekala2514/platform-lab-gitops.git",
                    "targetRevision": "main"
                  },
                  "syncPolicy": {
                    "automated": {
                      "prune": true,
                      "selfHeal": true
                    },
                    "syncOptions": [
                      "CreateNamespace=true",
                      "ApplyOutOfSyncOnly=true"
                    ]
                  }
                }
              },
              "type": [
                "object",
                {
                  "apiVersion": "string",
                  "kind": "string",
                  "metadata": [
                    "object",
                    {
                      "finalizers": [
                        "tuple",
                        [
                          "string"
                        ]
                      ],
                      "name": "string",
                      "namespace": "string"
                    }
                  ],
                  "spec": [
                    "object",
                    {
                      "destination": [
                        "object",
                        {
                          "namespace": "string",
                          "server": "string"
                        }
                      ],
                      "project": "string",
                      "source": [
                        "object",
                        {
                          "directory": [
                            "object",
                            {
                              "recurse": "bool"
                            }
                          ],
                          "path": "string",
                          "repoURL": "string",
                          "targetRevision": "string"
                        }
                      ],
                      "syncPolicy": [
                        "object",
                        {
                          "automated": [
                            "object",
                            {
                              "prune": "bool",
                              "selfHeal": "bool"
                            }
                          ],
                          "syncOptions": [
                            "tuple",
                            [
                              "string",
                              "string"
                            ]
                          ]
                        }
                      ]
                    }
                  ]
                }
              ]
            },
            "object": {
              "value": {
                "apiVersion": "argoproj.io/v1alpha1",
                "kind": "Application",
                "metadata": {
                  "annotations": null,
                  "creationTimestamp": null,
                  "deletionGracePeriodSeconds": null,
                  "deletionTimestamp": null,
                  "finalizers": [
                    "resources-finalizer.argocd.argoproj.io"
                  ],
                  "generateName": null,
                  "generation": null,
                  "labels": null,
                  "managedFields": null,
                  "name": "root",
                  "namespace": "argocd",
                  "ownerReferences": null,
                  "resourceVersion": null,
                  "selfLink": null,
                  "uid": null
                },
                "operation": {
                  "info": null,
                  "initiatedBy": {
                    "automated": null,
                    "username": null
                  },
                  "retry": {
                    "backoff": {
                      "duration": null,
                      "factor": null,
                      "maxDuration": null
                    },
                    "limit": null
                  },
                  "sync": {
                    "autoHealAttemptsCount": null,
                    "dryRun": null,
                    "manifests": null,
                    "prune": null,
                    "resources": null,
                    "revision": null,
                    "revisions": null,
                    "source": {
                      "chart": null,
                      "directory": {
                        "exclude": null,
                        "include": null,
                        "jsonnet": {
                          "extVars": null,
                          "libs": null,
                          "tlas": null
                        },
                        "recurse": null
                      },
                      "helm": {
                        "apiVersions": null,
                        "fileParameters": null,
                        "ignoreMissingValueFiles": null,
                        "kubeVersion": null,
                        "namespace": null,
                        "parameters": null,
                        "passCredentials": null,
                        "releaseName": null,
                        "skipCrds": null,
                        "skipSchemaValidation": null,
                        "skipTests": null,
                        "valueFiles": null,
                        "values": null,
                        "valuesObject": null,
                        "version": null
                      },
                      "kustomize": {
                        "apiVersions": null,
                        "commonAnnotations": null,
                        "commonAnnotationsEnvsubst": null,
                        "commonLabels": null,
                        "components": null,
                        "forceCommonAnnotations": null,
                        "forceCommonLabels": null,
                        "ignoreMissingComponents": null,
                        "images": null,
                        "kubeVersion": null,
                        "labelIncludeTemplates": null,
                        "labelWithoutSelector": null,
                        "namePrefix": null,
                        "nameSuffix": null,
                        "namespace": null,
                        "patches": null,
                        "replicas": null,
                        "version": null
                      },
                      "name": null,
                      "path": null,
                      "plugin": {
                        "env": null,
                        "name": null,
                        "parameters": null
                      },
                      "ref": null,
                      "repoURL": null,
                      "targetRevision": null
                    },
                    "sources": null,
                    "syncOptions": null,
                    "syncStrategy": {
                      "apply": {
                        "force": null
                      },
                      "hook": {
                        "force": null
                      }
                    }
                  }
                },
                "spec": {
                  "destination": {
                    "name": null,
                    "namespace": "argocd",
                    "server": "https://kubernetes.default.svc"
                  },
                  "ignoreDifferences": null,
                  "info": null,
                  "project": "default",
                  "revisionHistoryLimit": null,
                  "source": {
                    "chart": null,
                    "directory": {
                      "exclude": null,
                      "include": null,
                      "jsonnet": {
                        "extVars": null,
                        "libs": null,
                        "tlas": null
                      },
                      "recurse": true
                    },
                    "helm": {
                      "apiVersions": null,
                      "fileParameters": null,
                      "ignoreMissingValueFiles": null,
                      "kubeVersion": null,
                      "namespace": null,
                      "parameters": null,
                      "passCredentials": null,
                      "releaseName": null,
                      "skipCrds": null,
                      "skipSchemaValidation": null,
                      "skipTests": null,
                      "valueFiles": null,
                      "values": null,
                      "valuesObject": null,
                      "version": null
                    },
                    "kustomize": {
                      "apiVersions": null,
                      "commonAnnotations": null,
                      "commonAnnotationsEnvsubst": null,
                      "commonLabels": null,
                      "components": null,
                      "forceCommonAnnotations": null,
                      "forceCommonLabels": null,
                      "ignoreMissingComponents": null,
                      "images": null,
                      "kubeVersion": null,
                      "labelIncludeTemplates": null,
                      "labelWithoutSelector": null,
                      "namePrefix": null,
                      "nameSuffix": null,
                      "namespace": null,
                      "patches": null,
                      "replicas": null,
                      "version": null
                    },
                    "name": null,
                    "path": "apps",
                    "plugin": {
                      "env": null,
                      "name": null,
                      "parameters": null
                    },
                    "ref": null,
                    "repoURL": "https://github.com/amekala2514/platform-lab-gitops.git",
                    "targetRevision": "main"
                  },
                  "sourceHydrator": {
                    "drySource": {
                      "path": null,
                      "repoURL": null,
                      "targetRevision": null
                    },
                    "hydrateTo": {
                      "targetBranch": null
                    },
                    "syncSource": {
                      "path": null,
                      "targetBranch": null
                    }
                  },
                  "sources": null,
                  "syncPolicy": {
                    "automated": {
                      "allowEmpty": null,
                      "enabled": null,
                      "prune": true,
                      "selfHeal": true
                    },
                    "managedNamespaceMetadata": {
                      "annotations": null,
                      "labels": null
                    },
                    "retry": {
                      "backoff": {
                        "duration": null,
                        "factor": null,
                        "maxDuration": null
                      },
                      "limit": null
                    },
                    "syncOptions": [
                      "CreateNamespace=true",
                      "ApplyOutOfSyncOnly=true"
                    ]
                  }
                }
              },
              "type": [
                "object",
                {
                  "apiVersion": "string",
                  "kind": "string",
                  "metadata": [
                    "object",
                    {
                      "annotations": [
                        "map",
                        "string"
                      ],
                      "creationTimestamp": "string",
                      "deletionGracePeriodSeconds": "number",
                      "deletionTimestamp": "string",
                      "finalizers": [
                        "list",
                        "string"
                      ],
                      "generateName": "string",
                      "generation": "number",
                      "labels": [
                        "map",
                        "string"
                      ],
                      "managedFields": [
                        "tuple",
                        [
                          [
                            "object",
                            {
                              "apiVersion": "string",
                              "fieldsType": "string",
                              "fieldsV1": "dynamic",
                              "manager": "string",
                              "operation": "string",
                              "subresource": "string",
                              "time": "string"
                            }
                          ]
                        ]
                      ],
                      "name": "string",
                      "namespace": "string",
                      "ownerReferences": [
                        "list",
                        [
                          "object",
                          {
                            "apiVersion": "string",
                            "blockOwnerDeletion": "bool",
                            "controller": "bool",
                            "kind": "string",
                            "name": "string",
                            "uid": "string"
                          }
                        ]
                      ],
                      "resourceVersion": "string",
                      "selfLink": "string",
                      "uid": "string"
                    }
                  ],
                  "operation": [
                    "object",
                    {
                      "info": [
                        "list",
                        [
                          "object",
                          {
                            "name": "string",
                            "value": "string"
                          }
                        ]
                      ],
                      "initiatedBy": [
                        "object",
                        {
                          "automated": "bool",
                          "username": "string"
                        }
                      ],
                      "retry": [
                        "object",
                        {
                          "backoff": [
                            "object",
                            {
                              "duration": "string",
                              "factor": "number",
                              "maxDuration": "string"
                            }
                          ],
                          "limit": "number"
                        }
                      ],
                      "sync": [
                        "object",
                        {
                          "autoHealAttemptsCount": "number",
                          "dryRun": "bool",
                          "manifests": [
                            "list",
                            "string"
                          ],
                          "prune": "bool",
                          "resources": [
                            "list",
                            [
                              "object",
                              {
                                "group": "string",
                                "kind": "string",
                                "name": "string",
                                "namespace": "string"
                              }
                            ]
                          ],
                          "revision": "string",
                          "revisions": [
                            "list",
                            "string"
                          ],
                          "source": [
                            "object",
                            {
                              "chart": "string",
                              "directory": [
                                "object",
                                {
                                  "exclude": "string",
                                  "include": "string",
                                  "jsonnet": [
                                    "object",
                                    {
                                      "extVars": [
                                        "list",
                                        [
                                          "object",
                                          {
                                            "code": "bool",
                                            "name": "string",
                                            "value": "string"
                                          }
                                        ]
                                      ],
                                      "libs": [
                                        "list",
                                        "string"
                                      ],
                                      "tlas": [
                                        "list",
                                        [
                                          "object",
                                          {
                                            "code": "bool",
                                            "name": "string",
                                            "value": "string"
                                          }
                                        ]
                                      ]
                                    }
                                  ],
                                  "recurse": "bool"
                                }
                              ],
                              "helm": [
                                "object",
                                {
                                  "apiVersions": [
                                    "list",
                                    "string"
                                  ],
                                  "fileParameters": [
                                    "list",
                                    [
                                      "object",
                                      {
                                        "name": "string",
                                        "path": "string"
                                      }
                                    ]
                                  ],
                                  "ignoreMissingValueFiles": "bool",
                                  "kubeVersion": "string",
                                  "namespace": "string",
                                  "parameters": [
                                    "list",
                                    [
                                      "object",
                                      {
                                        "forceString": "bool",
                                        "name": "string",
                                        "value": "string"
                                      }
                                    ]
                                  ],
                                  "passCredentials": "bool",
                                  "releaseName": "string",
                                  "skipCrds": "bool",
                                  "skipSchemaValidation": "bool",
                                  "skipTests": "bool",
                                  "valueFiles": [
                                    "list",
                                    "string"
                                  ],
                                  "values": "string",
                                  "valuesObject": "dynamic",
                                  "version": "string"
                                }
                              ],
                              "kustomize": [
                                "object",
                                {
                                  "apiVersions": [
                                    "list",
                                    "string"
                                  ],
                                  "commonAnnotations": [
                                    "map",
                                    "string"
                                  ],
                                  "commonAnnotationsEnvsubst": "bool",
                                  "commonLabels": [
                                    "map",
                                    "string"
                                  ],
                                  "components": [
                                    "list",
                                    "string"
                                  ],
                                  "forceCommonAnnotations": "bool",
                                  "forceCommonLabels": "bool",
                                  "ignoreMissingComponents": "bool",
                                  "images": [
                                    "list",
                                    "string"
                                  ],
                                  "kubeVersion": "string",
                                  "labelIncludeTemplates": "bool",
                                  "labelWithoutSelector": "bool",
                                  "namePrefix": "string",
                                  "nameSuffix": "string",
                                  "namespace": "string",
                                  "patches": [
                                    "list",
                                    [
                                      "object",
                                      {
                                        "options": [
                                          "map",
                                          "bool"
                                        ],
                                        "patch": "string",
                                        "path": "string",
                                        "target": [
                                          "object",
                                          {
                                            "annotationSelector": "string",
                                            "group": "string",
                                            "kind": "string",
                                            "labelSelector": "string",
                                            "name": "string",
                                            "namespace": "string",
                                            "version": "string"
                                          }
                                        ]
                                      }
                                    ]
                                  ],
                                  "replicas": [
                                    "list",
                                    [
                                      "object",
                                      {
                                        "count": "string",
                                        "name": "string"
                                      }
                                    ]
                                  ],
                                  "version": "string"
                                }
                              ],
                              "name": "string",
                              "path": "string",
                              "plugin": [
                                "object",
                                {
                                  "env": [
                                    "list",
                                    [
                                      "object",
                                      {
                                        "name": "string",
                                        "value": "string"
                                      }
                                    ]
                                  ],
                                  "name": "string",
                                  "parameters": [
                                    "list",
                                    [
                                      "object",
                                      {
                                        "array": [
                                          "list",
                                          "string"
                                        ],
                                        "map": [
                                          "map",
                                          "string"
                                        ],
                                        "name": "string",
                                        "string": "string"
                                      }
                                    ]
                                  ]
                                }
                              ],
                              "ref": "string",
                              "repoURL": "string",
                              "targetRevision": "string"
                            }
                          ],
                          "sources": [
                            "tuple",
                            [
                              [
                                "object",
                                {
                                  "chart": "string",
                                  "directory": [
                                    "object",
                                    {
                                      "exclude": "string",
                                      "include": "string",
                                      "jsonnet": [
                                        "object",
                                        {
                                          "extVars": [
                                            "list",
                                            [
                                              "object",
                                              {
                                                "code": "bool",
                                                "name": "string",
                                                "value": "string"
                                              }
                                            ]
                                          ],
                                          "libs": [
                                            "list",
                                            "string"
                                          ],
                                          "tlas": [
                                            "list",
                                            [
                                              "object",
                                              {
                                                "code": "bool",
                                                "name": "string",
                                                "value": "string"
                                              }
                                            ]
                                          ]
                                        }
                                      ],
                                      "recurse": "bool"
                                    }
                                  ],
                                  "helm": [
                                    "object",
                                    {
                                      "apiVersions": [
                                        "list",
                                        "string"
                                      ],
                                      "fileParameters": [
                                        "list",
                                        [
                                          "object",
                                          {
                                            "name": "string",
                                            "path": "string"
                                          }
                                        ]
                                      ],
                                      "ignoreMissingValueFiles": "bool",
                                      "kubeVersion": "string",
                                      "namespace": "string",
                                      "parameters": [
                                        "list",
                                        [
                                          "object",
                                          {
                                            "forceString": "bool",
                                            "name": "string",
                                            "value": "string"
                                          }
                                        ]
                                      ],
                                      "passCredentials": "bool",
                                      "releaseName": "string",
                                      "skipCrds": "bool",
                                      "skipSchemaValidation": "bool",
                                      "skipTests": "bool",
                                      "valueFiles": [
                                        "list",
                                        "string"
                                      ],
                                      "values": "string",
                                      "valuesObject": "dynamic",
                                      "version": "string"
                                    }
                                  ],
                                  "kustomize": [
                                    "object",
                                    {
                                      "apiVersions": [
                                        "list",
                                        "string"
                                      ],
                                      "commonAnnotations": [
                                        "map",
                                        "string"
                                      ],
                                      "commonAnnotationsEnvsubst": "bool",
                                      "commonLabels": [
                                        "map",
                                        "string"
                                      ],
                                      "components": [
                                        "list",
                                        "string"
                                      ],
                                      "forceCommonAnnotations": "bool",
                                      "forceCommonLabels": "bool",
                                      "ignoreMissingComponents": "bool",
                                      "images": [
                                        "list",
                                        "string"
                                      ],
                                      "kubeVersion": "string",
                                      "labelIncludeTemplates": "bool",
                                      "labelWithoutSelector": "bool",
                                      "namePrefix": "string",
                                      "nameSuffix": "string",
                                      "namespace": "string",
                                      "patches": [
                                        "list",
                                        [
                                          "object",
                                          {
                                            "options": [
                                              "map",
                                              "bool"
                                            ],
                                            "patch": "string",
                                            "path": "string",
                                            "target": [
                                              "object",
                                              {
                                                "annotationSelector": "string",
                                                "group": "string",
                                                "kind": "string",
                                                "labelSelector": "string",
                                                "name": "string",
                                                "namespace": "string",
                                                "version": "string"
                                              }
                                            ]
                                          }
                                        ]
                                      ],
                                      "replicas": [
                                        "list",
                                        [
                                          "object",
                                          {
                                            "count": "string",
                                            "name": "string"
                                          }
                                        ]
                                      ],
                                      "version": "string"
                                    }
                                  ],
                                  "name": "string",
                                  "path": "string",
                                  "plugin": [
                                    "object",
                                    {
                                      "env": [
                                        "list",
                                        [
                                          "object",
                                          {
                                            "name": "string",
                                            "value": "string"
                                          }
                                        ]
                                      ],
                                      "name": "string",
                                      "parameters": [
                                        "list",
                                        [
                                          "object",
                                          {
                                            "array": [
                                              "list",
                                              "string"
                                            ],
                                            "map": [
                                              "map",
                                              "string"
                                            ],
                                            "name": "string",
                                            "string": "string"
                                          }
                                        ]
                                      ]
                                    }
                                  ],
                                  "ref": "string",
                                  "repoURL": "string",
                                  "targetRevision": "string"
                                }
                              ]
                            ]
                          ],
                          "syncOptions": [
                            "list",
                            "string"
                          ],
                          "syncStrategy": [
                            "object",
                            {
                              "apply": [
                                "object",
                                {
                                  "force": "bool"
                                }
                              ],
                              "hook": [
                                "object",
                                {
                                  "force": "bool"
                                }
                              ]
                            }
                          ]
                        }
                      ]
                    }
                  ],
                  "spec": [
                    "object",
                    {
                      "destination": [
                        "object",
                        {
                          "name": "string",
                          "namespace": "string",
                          "server": "string"
                        }
                      ],
                      "ignoreDifferences": [
                        "list",
                        [
                          "object",
                          {
                            "group": "string",
                            "jqPathExpressions": [
                              "list",
                              "string"
                            ],
                            "jsonPointers": [
                              "list",
                              "string"
                            ],
                            "kind": "string",
                            "managedFieldsManagers": [
                              "list",
                              "string"
                            ],
                            "name": "string",
                            "namespace": "string"
                          }
                        ]
                      ],
                      "info": [
                        "list",
                        [
                          "object",
                          {
                            "name": "string",
                            "value": "string"
                          }
                        ]
                      ],
                      "project": "string",
                      "revisionHistoryLimit": "number",
                      "source": [
                        "object",
                        {
                          "chart": "string",
                          "directory": [
                            "object",
                            {
                              "exclude": "string",
                              "include": "string",
                              "jsonnet": [
                                "object",
                                {
                                  "extVars": [
                                    "list",
                                    [
                                      "object",
                                      {
                                        "code": "bool",
                                        "name": "string",
                                        "value": "string"
                                      }
                                    ]
                                  ],
                                  "libs": [
                                    "list",
                                    "string"
                                  ],
                                  "tlas": [
                                    "list",
                                    [
                                      "object",
                                      {
                                        "code": "bool",
                                        "name": "string",
                                        "value": "string"
                                      }
                                    ]
                                  ]
                                }
                              ],
                              "recurse": "bool"
                            }
                          ],
                          "helm": [
                            "object",
                            {
                              "apiVersions": [
                                "list",
                                "string"
                              ],
                              "fileParameters": [
                                "list",
                                [
                                  "object",
                                  {
                                    "name": "string",
                                    "path": "string"
                                  }
                                ]
                              ],
                              "ignoreMissingValueFiles": "bool",
                              "kubeVersion": "string",
                              "namespace": "string",
                              "parameters": [
                                "list",
                                [
                                  "object",
                                  {
                                    "forceString": "bool",
                                    "name": "string",
                                    "value": "string"
                                  }
                                ]
                              ],
                              "passCredentials": "bool",
                              "releaseName": "string",
                              "skipCrds": "bool",
                              "skipSchemaValidation": "bool",
                              "skipTests": "bool",
                              "valueFiles": [
                                "list",
                                "string"
                              ],
                              "values": "string",
                              "valuesObject": "dynamic",
                              "version": "string"
                            }
                          ],
                          "kustomize": [
                            "object",
                            {
                              "apiVersions": [
                                "list",
                                "string"
                              ],
                              "commonAnnotations": [
                                "map",
                                "string"
                              ],
                              "commonAnnotationsEnvsubst": "bool",
                              "commonLabels": [
                                "map",
                                "string"
                              ],
                              "components": [
                                "list",
                                "string"
                              ],
                              "forceCommonAnnotations": "bool",
                              "forceCommonLabels": "bool",
                              "ignoreMissingComponents": "bool",
                              "images": [
                                "list",
                                "string"
                              ],
                              "kubeVersion": "string",
                              "labelIncludeTemplates": "bool",
                              "labelWithoutSelector": "bool",
                              "namePrefix": "string",
                              "nameSuffix": "string",
                              "namespace": "string",
                              "patches": [
                                "list",
                                [
                                  "object",
                                  {
                                    "options": [
                                      "map",
                                      "bool"
                                    ],
                                    "patch": "string",
                                    "path": "string",
                                    "target": [
                                      "object",
                                      {
                                        "annotationSelector": "string",
                                        "group": "string",
                                        "kind": "string",
                                        "labelSelector": "string",
                                        "name": "string",
                                        "namespace": "string",
                                        "version": "string"
                                      }
                                    ]
                                  }
                                ]
                              ],
                              "replicas": [
                                "list",
                                [
                                  "object",
                                  {
                                    "count": "string",
                                    "name": "string"
                                  }
                                ]
                              ],
                              "version": "string"
                            }
                          ],
                          "name": "string",
                          "path": "string",
                          "plugin": [
                            "object",
                            {
                              "env": [
                                "list",
                                [
                                  "object",
                                  {
                                    "name": "string",
                                    "value": "string"
                                  }
                                ]
                              ],
                              "name": "string",
                              "parameters": [
                                "list",
                                [
                                  "object",
                                  {
                                    "array": [
                                      "list",
                                      "string"
                                    ],
                                    "map": [
                                      "map",
                                      "string"
                                    ],
                                    "name": "string",
                                    "string": "string"
                                  }
                                ]
                              ]
                            }
                          ],
                          "ref": "string",
                          "repoURL": "string",
                          "targetRevision": "string"
                        }
                      ],
                      "sourceHydrator": [
                        "object",
                        {
                          "drySource": [
                            "object",
                            {
                              "path": "string",
                              "repoURL": "string",
                              "targetRevision": "string"
                            }
                          ],
                          "hydrateTo": [
                            "object",
                            {
                              "targetBranch": "string"
                            }
                          ],
                          "syncSource": [
                            "object",
                            {
                              "path": "string",
                              "targetBranch": "string"
                            }
                          ]
                        }
                      ],
                      "sources": [
                        "tuple",
                        [
                          [
                            "object",
                            {
                              "chart": "string",
                              "directory": [
                                "object",
                                {
                                  "exclude": "string",
                                  "include": "string",
                                  "jsonnet": [
                                    "object",
                                    {
                                      "extVars": [
                                        "list",
                                        [
                                          "object",
                                          {
                                            "code": "bool",
                                            "name": "string",
                                            "value": "string"
                                          }
                                        ]
                                      ],
                                      "libs": [
                                        "list",
                                        "string"
                                      ],
                                      "tlas": [
                                        "list",
                                        [
                                          "object",
                                          {
                                            "code": "bool",
                                            "name": "string",
                                            "value": "string"
                                          }
                                        ]
                                      ]
                                    }
                                  ],
                                  "recurse": "bool"
                                }
                              ],
                              "helm": [
                                "object",
                                {
                                  "apiVersions": [
                                    "list",
                                    "string"
                                  ],
                                  "fileParameters": [
                                    "list",
                                    [
                                      "object",
                                      {
                                        "name": "string",
                                        "path": "string"
                                      }
                                    ]
                                  ],
                                  "ignoreMissingValueFiles": "bool",
                                  "kubeVersion": "string",
                                  "namespace": "string",
                                  "parameters": [
                                    "list",
                                    [
                                      "object",
                                      {
                                        "forceString": "bool",
                                        "name": "string",
                                        "value": "string"
                                      }
                                    ]
                                  ],
                                  "passCredentials": "bool",
                                  "releaseName": "string",
                                  "skipCrds": "bool",
                                  "skipSchemaValidation": "bool",
                                  "skipTests": "bool",
                                  "valueFiles": [
                                    "list",
                                    "string"
                                  ],
                                  "values": "string",
                                  "valuesObject": "dynamic",
                                  "version": "string"
                                }
                              ],
                              "kustomize": [
                                "object",
                                {
                                  "apiVersions": [
                                    "list",
                                    "string"
                                  ],
                                  "commonAnnotations": [
                                    "map",
                                    "string"
                                  ],
                                  "commonAnnotationsEnvsubst": "bool",
                                  "commonLabels": [
                                    "map",
                                    "string"
                                  ],
                                  "components": [
                                    "list",
                                    "string"
                                  ],
                                  "forceCommonAnnotations": "bool",
                                  "forceCommonLabels": "bool",
                                  "ignoreMissingComponents": "bool",
                                  "images": [
                                    "list",
                                    "string"
                                  ],
                                  "kubeVersion": "string",
                                  "labelIncludeTemplates": "bool",
                                  "labelWithoutSelector": "bool",
                                  "namePrefix": "string",
                                  "nameSuffix": "string",
                                  "namespace": "string",
                                  "patches": [
                                    "list",
                                    [
                                      "object",
                                      {
                                        "options": [
                                          "map",
                                          "bool"
                                        ],
                                        "patch": "string",
                                        "path": "string",
                                        "target": [
                                          "object",
                                          {
                                            "annotationSelector": "string",
                                            "group": "string",
                                            "kind": "string",
                                            "labelSelector": "string",
                                            "name": "string",
                                            "namespace": "string",
                                            "version": "string"
                                          }
                                        ]
                                      }
                                    ]
                                  ],
                                  "replicas": [
                                    "list",
                                    [
                                      "object",
                                      {
                                        "count": "string",
                                        "name": "string"
                                      }
                                    ]
                                  ],
                                  "version": "string"
                                }
                              ],
                              "name": "string",
                              "path": "string",
                              "plugin": [
                                "object",
                                {
                                  "env": [
                                    "list",
                                    [
                                      "object",
                                      {
                                        "name": "string",
                                        "value": "string"
                                      }
                                    ]
                                  ],
                                  "name": "string",
                                  "parameters": [
                                    "list",
                                    [
                                      "object",
                                      {
                                        "array": [
                                          "list",
                                          "string"
                                        ],
                                        "map": [
                                          "map",
                                          "string"
                                        ],
                                        "name": "string",
                                        "string": "string"
                                      }
                                    ]
                                  ]
                                }
                              ],
                              "ref": "string",
                              "repoURL": "string",
                              "targetRevision": "string"
                            }
                          ]
                        ]
                      ],
                      "syncPolicy": [
                        "object",
                        {
                          "automated": [
                            "object",
                            {
                              "allowEmpty": "bool",
                              "enabled": "bool",
                              "prune": "bool",
                              "selfHeal": "bool"
                            }
                          ],
                          "managedNamespaceMetadata": [
                            "object",
                            {
                              "annotations": [
                                "map",
                                "string"
                              ],
                              "labels": [
                                "map",
                                "string"
                              ]
                            }
                          ],
                          "retry": [
                            "object",
                            {
                              "backoff": [
                                "object",
                                {
                                  "duration": "string",
                                  "factor": "number",
                                  "maxDuration": "string"
                                }
                              ],
                              "limit": "number"
                            }
                          ],
                          "syncOptions": [
                            "list",
                            "string"
                          ]
                        }
                      ]
                    }
                  ]
                }
              ]
            },
            "timeouts": [],
            "wait": [],
            "wait_for": null
          },
          "sensitive_attributes": [],
          "identity_schema_version": 1,
          "identity": {
            "api_version": "argoproj.io/v1alpha1",
            "kind": "Application",
            "name": "root",
            "namespace": "argocd"
          },
          "dependencies": [
            "helm_release.argocd",
            "helm_release.ingress_nginx",
            "helm_release.kube_prometheus_stack",
            "kind_cluster.platform_lab",
            "kubernetes_namespace.argocd",
            "kubernetes_namespace.ingress_nginx",
            "kubernetes_namespace.observability"
          ]
        }
      ]
    },
    {
      "mode": "managed",
      "type": "kubernetes_namespace",
      "name": "argocd",
      "provider": "provider[\"registry.terraform.io/hashicorp/kubernetes\"]",
      "instances": [
        {
          "schema_version": 0,
          "attributes": {
            "id": "argocd",
            "metadata": [
              {
                "annotations": {},
                "generate_name": "",
                "generation": 0,
                "labels": {
                  "app.kubernetes.io/managed-by": "terraform"
                },
                "name": "argocd",
                "resource_version": "36905",
                "uid": "073eb42a-6098-4757-ae49-0d59ba6c8110"
              }
            ],
            "timeouts": null,
            "wait_for_default_service_account": false
          },
          "sensitive_attributes": [],
          "identity_schema_version": 1,
          "identity": {
            "api_version": "v1",
            "kind": "Namespace",
            "name": "argocd"
          },
          "private": "eyJlMmJmYjczMC1lY2FhLTExZTYtOGY4OC0zNDM2M2JjN2M0YzAiOnsiZGVsZXRlIjozMDAwMDAwMDAwMDB9fQ==",
          "dependencies": [
            "kind_cluster.platform_lab"
          ]
        }
      ]
    },
    {
      "mode": "managed",
      "type": "kubernetes_namespace",
      "name": "ingress_nginx",
      "provider": "provider[\"registry.terraform.io/hashicorp/kubernetes\"]",
      "instances": [
        {
          "schema_version": 0,
          "attributes": {
            "id": "ingress-nginx",
            "metadata": [
              {
                "annotations": {},
                "generate_name": "",
                "generation": 0,
                "labels": {},
                "name": "ingress-nginx",
                "resource_version": "525",
                "uid": "e93d072a-4d36-4692-957e-cff63d125a41"
              }
            ],
            "timeouts": null,
            "wait_for_default_service_account": false
          },
          "sensitive_attributes": [],
          "identity_schema_version": 1,
          "identity": {
            "api_version": "v1",
            "kind": "Namespace",
            "name": "ingress-nginx"
          },
          "private": "eyJlMmJmYjczMC1lY2FhLTExZTYtOGY4OC0zNDM2M2JjN2M0YzAiOnsiZGVsZXRlIjozMDAwMDAwMDAwMDB9fQ==",
          "dependencies": [
            "kind_cluster.platform_lab"
          ]
        }
      ]
    },
    {
      "mode": "managed",
      "type": "kubernetes_namespace",
      "name": "observability",
      "provider": "provider[\"registry.terraform.io/hashicorp/kubernetes\"]",
      "instances": [
        {
          "schema_version": 0,
          "attributes": {
            "id": "observability",
            "metadata": [
              {
                "annotations": {},
                "generate_name": "",
                "generation": 0,
                "labels": {},
                "name": "observability",
                "resource_version": "526",
                "uid": "16ec1da7-eb3c-4495-a1b1-e45e15d4e817"
              }
            ],
            "timeouts": null,
            "wait_for_default_service_account": false
          },
          "sensitive_attributes": [],
          "identity_schema_version": 1,
          "identity": {
            "api_version": "v1",
            "kind": "Namespace",
            "name": "observability"
          },
          "private": "eyJlMmJmYjczMC1lY2FhLTExZTYtOGY4OC0zNDM2M2JjN2M0YzAiOnsiZGVsZXRlIjozMDAwMDAwMDAwMDB9fQ==",
          "dependencies": [
            "kind_cluster.platform_lab"
          ]
        }
      ]
    }
  ],
  "check_results": null
}
